// !$*UTF8*$!
{
	archiveVersion = 1;
	classes = {
	};
	objectVersion = 46;
	objects = {

/* Begin PBXBuildFile section */
		1A0DB07C1A96ED6B007A4C16 /* AppDelegate.swift in Sources */ = {isa = PBXBuildFile; fileRef = 1A0DB07B1A96ED6B007A4C16 /* AppDelegate.swift */; };
		1A0DB07E1A96ED6B007A4C16 /* ViewController.swift in Sources */ = {isa = PBXBuildFile; fileRef = 1A0DB07D1A96ED6B007A4C16 /* ViewController.swift */; };
		1A0DB0811A96ED6B007A4C16 /* Main.storyboard in Resources */ = {isa = PBXBuildFile; fileRef = 1A0DB07F1A96ED6B007A4C16 /* Main.storyboard */; };
		1A0DB0831A96ED6B007A4C16 /* Images.xcassets in Resources */ = {isa = PBXBuildFile; fileRef = 1A0DB0821A96ED6B007A4C16 /* Images.xcassets */; };
		1A0DB0861A96ED6B007A4C16 /* LaunchScreen.xib in Resources */ = {isa = PBXBuildFile; fileRef = 1A0DB0841A96ED6B007A4C16 /* LaunchScreen.xib */; };
		1A0DB0921A96ED6B007A4C16 /* ScratchpadTests.swift in Sources */ = {isa = PBXBuildFile; fileRef = 1A0DB0911A96ED6B007A4C16 /* ScratchpadTests.swift */; };
		1A0DB09C1A96FE40007A4C16 /* AboutViewController.swift in Sources */ = {isa = PBXBuildFile; fileRef = 1A0DB09B1A96FE40007A4C16 /* AboutViewController.swift */; };
/* End PBXBuildFile section */

/* Begin PBXContainerItemProxy section */
		1A0DB08C1A96ED6B007A4C16 /* PBXContainerItemProxy */ = {
			isa = PBXContainerItemProxy;
			containerPortal = 1A0DB06E1A96ED6B007A4C16 /* Project object */;
			proxyType = 1;
			remoteGlobalIDString = 1A0DB0751A96ED6B007A4C16;
			remoteInfo = Scratchpad;
		};
/* End PBXContainerItemProxy section */

/* Begin PBXFileReference section */
		1A0DB0761A96ED6B007A4C16 /* Scratchpad.app */ = {isa = PBXFileReference; explicitFileType = wrapper.application; includeInIndex = 0; path = Scratchpad.app; sourceTree = BUILT_PRODUCTS_DIR; };
		1A0DB07A1A96ED6B007A4C16 /* Info.plist */ = {isa = PBXFileReference; lastKnownFileType = text.plist.xml; path = Info.plist; sourceTree = "<group>"; };
		1A0DB07B1A96ED6B007A4C16 /* AppDelegate.swift */ = {isa = PBXFileReference; lastKnownFileType = sourcecode.swift; path = AppDelegate.swift; sourceTree = "<group>"; };
		1A0DB07D1A96ED6B007A4C16 /* ViewController.swift */ = {isa = PBXFileReference; lastKnownFileType = sourcecode.swift; path = ViewController.swift; sourceTree = "<group>"; };
		1A0DB0801A96ED6B007A4C16 /* Base */ = {isa = PBXFileReference; lastKnownFileType = file.storyboard; name = Base; path = Base.lproj/Main.storyboard; sourceTree = "<group>"; };
		1A0DB0821A96ED6B007A4C16 /* Images.xcassets */ = {isa = PBXFileReference; lastKnownFileType = folder.assetcatalog; path = Images.xcassets; sourceTree = "<group>"; };
		1A0DB0851A96ED6B007A4C16 /* Base */ = {isa = PBXFileReference; lastKnownFileType = file.xib; name = Base; path = Base.lproj/LaunchScreen.xib; sourceTree = "<group>"; };
		1A0DB08B1A96ED6B007A4C16 /* ScratchpadTests.xctest */ = {isa = PBXFileReference; explicitFileType = wrapper.cfbundle; includeInIndex = 0; path = ScratchpadTests.xctest; sourceTree = BUILT_PRODUCTS_DIR; };
		1A0DB0901A96ED6B007A4C16 /* Info.plist */ = {isa = PBXFileReference; lastKnownFileType = text.plist.xml; path = Info.plist; sourceTree = "<group>"; };
		1A0DB0911A96ED6B007A4C16 /* ScratchpadTests.swift */ = {isa = PBXFileReference; lastKnownFileType = sourcecode.swift; path = ScratchpadTests.swift; sourceTree = "<group>"; };
		1A0DB09B1A96FE40007A4C16 /* AboutViewController.swift */ = {isa = PBXFileReference; fileEncoding = 4; lastKnownFileType = sourcecode.swift; path = AboutViewController.swift; sourceTree = "<group>"; };
/* End PBXFileReference section */

/* Begin PBXFrameworksBuildPhase section */
		1A0DB0731A96ED6B007A4C16 /* Frameworks */ = {
			isa = PBXFrameworksBuildPhase;
			buildActionMask = 2147483647;
			files = (
			);
			runOnlyForDeploymentPostprocessing = 0;
		};
		1A0DB0881A96ED6B007A4C16 /* Frameworks */ = {
			isa = PBXFrameworksBuildPhase;
			buildActionMask = 2147483647;
			files = (
			);
			runOnlyForDeploymentPostprocessing = 0;
		};
/* End PBXFrameworksBuildPhase section */

/* Begin PBXGroup section */
		1A0DB06D1A96ED6B007A4C16 = {
			isa = PBXGroup;
			children = (
				1A0DB0781A96ED6B007A4C16 /* Scratchpad */,
				1A0DB08E1A96ED6B007A4C16 /* ScratchpadTests */,
				1A0DB0771A96ED6B007A4C16 /* Products */,
			);
			sourceTree = "<group>";
		};
		1A0DB0771A96ED6B007A4C16 /* Products */ = {
			isa = PBXGroup;
			children = (
				1A0DB0761A96ED6B007A4C16 /* Scratchpad.app */,
				1A0DB08B1A96ED6B007A4C16 /* ScratchpadTests.xctest */,
			);
			name = Products;
			sourceTree = "<group>";
		};
		1A0DB0781A96ED6B007A4C16 /* Scratchpad */ = {
			isa = PBXGroup;
			children = (
				1A0DB07B1A96ED6B007A4C16 /* AppDelegate.swift */,
				1A0DB07D1A96ED6B007A4C16 /* ViewController.swift */,
				1A0DB07F1A96ED6B007A4C16 /* Main.storyboard */,
				1A0DB09B1A96FE40007A4C16 /* AboutViewController.swift */,
				1A0DB0821A96ED6B007A4C16 /* Images.xcassets */,
				1A0DB0841A96ED6B007A4C16 /* LaunchScreen.xib */,
				1A0DB0791A96ED6B007A4C16 /* Supporting Files */,
			);
			path = Scratchpad;
			sourceTree = "<group>";
		};
		1A0DB0791A96ED6B007A4C16 /* Supporting Files */ = {
			isa = PBXGroup;
			children = (
				1A0DB07A1A96ED6B007A4C16 /* Info.plist */,
			);
			name = "Supporting Files";
			sourceTree = "<group>";
		};
		1A0DB08E1A96ED6B007A4C16 /* ScratchpadTests */ = {
			isa = PBXGroup;
			children = (
				1A0DB0911A96ED6B007A4C16 /* ScratchpadTests.swift */,
				1A0DB08F1A96ED6B007A4C16 /* Supporting Files */,
			);
			path = ScratchpadTests;
			sourceTree = "<group>";
		};
		1A0DB08F1A96ED6B007A4C16 /* Supporting Files */ = {
			isa = PBXGroup;
			children = (
				1A0DB0901A96ED6B007A4C16 /* Info.plist */,
			);
			name = "Supporting Files";
			sourceTree = "<group>";
		};
/* End PBXGroup section */

/* Begin PBXNativeTarget section */
		1A0DB0751A96ED6B007A4C16 /* Scratchpad */ = {
			isa = PBXNativeTarget;
			buildConfigurationList = 1A0DB0951A96ED6B007A4C16 /* Build configuration list for PBXNativeTarget "Scratchpad" */;
			buildPhases = (
				1A0DB0721A96ED6B007A4C16 /* Sources */,
				1A0DB0731A96ED6B007A4C16 /* Frameworks */,
				1A0DB0741A96ED6B007A4C16 /* Resources */,
			);
			buildRules = (
			);
			dependencies = (
			);
			name = Scratchpad;
			productName = Scratchpad;
			productReference = 1A0DB0761A96ED6B007A4C16 /* Scratchpad.app */;
			productType = "com.apple.product-type.application";
		};
		1A0DB08A1A96ED6B007A4C16 /* ScratchpadTests */ = {
			isa = PBXNativeTarget;
			buildConfigurationList = 1A0DB0981A96ED6B007A4C16 /* Build configuration list for PBXNativeTarget "ScratchpadTests" */;
			buildPhases = (
				1A0DB0871A96ED6B007A4C16 /* Sources */,
				1A0DB0881A96ED6B007A4C16 /* Frameworks */,
				1A0DB0891A96ED6B007A4C16 /* Resources */,
			);
			buildRules = (
			);
			dependencies = (
				1A0DB08D1A96ED6B007A4C16 /* PBXTargetDependency */,
			);
			name = ScratchpadTests;
			productName = ScratchpadTests;
			productReference = 1A0DB08B1A96ED6B007A4C16 /* ScratchpadTests.xctest */;
			productType = "com.apple.product-type.bundle.unit-test";
		};
/* End PBXNativeTarget section */

/* Begin PBXProject section */
		1A0DB06E1A96ED6B007A4C16 /* Project object */ = {
			isa = PBXProject;
			attributes = {
				LastUpgradeCheck = 0610;
				ORGANIZATIONNAME = "James Linnell";
				TargetAttributes = {
					1A0DB0751A96ED6B007A4C16 = {
						CreatedOnToolsVersion = 6.1.1;
					};
					1A0DB08A1A96ED6B007A4C16 = {
						CreatedOnToolsVersion = 6.1.1;
						TestTargetID = 1A0DB0751A96ED6B007A4C16;
					};
				};
			};
			buildConfigurationList = 1A0DB0711A96ED6B007A4C16 /* Build configuration list for PBXProject "Scratchpad" */;
			compatibilityVersion = "Xcode 3.2";
			developmentRegion = English;
			hasScannedForEncodings = 0;
			knownRegions = (
				en,
				Base,
			);
			mainGroup = 1A0DB06D1A96ED6B007A4C16;
			productRefGroup = 1A0DB0771A96ED6B007A4C16 /* Products */;
			projectDirPath = "";
			projectRoot = "";
			targets = (
				1A0DB0751A96ED6B007A4C16 /* Scratchpad */,
				1A0DB08A1A96ED6B007A4C16 /* ScratchpadTests */,
			);
		};
/* End PBXProject section */

/* Begin PBXResourcesBuildPhase section */
		1A0DB0741A96ED6B007A4C16 /* Resources */ = {
			isa = PBXResourcesBuildPhase;
			buildActionMask = 2147483647;
			files = (
				1A0DB0811A96ED6B007A4C16 /* Main.storyboard in Resources */,
				1A0DB0861A96ED6B007A4C16 /* LaunchScreen.xib in Resources */,
				1A0DB0831A96ED6B007A4C16 /* Images.xcassets in Resources */,
			);
			runOnlyForDeploymentPostprocessing = 0;
		};
		1A0DB0891A96ED6B007A4C16 /* Resources */ = {
			isa = PBXResourcesBuildPhase;
			buildActionMask = 2147483647;
			files = (
			);
			runOnlyForDeploymentPostprocessing = 0;
		};
/* End PBXResourcesBuildPhase section */

/* Begin PBXSourcesBuildPhase section */
		1A0DB0721A96ED6B007A4C16 /* Sources */ = {
			isa = PBXSourcesBuildPhase;
			buildActionMask = 2147483647;
			files = (
				1A0DB09C1A96FE40007A4C16 /* AboutViewController.swift in Sources */,
				1A0DB07E1A96ED6B007A4C16 /* ViewController.swift in Sources */,
				1A0DB07C1A96ED6B007A4C16 /* AppDelegate.swift in Sources */,
			);
			runOnlyForDeploymentPostprocessing = 0;
		};
		1A0DB0871A96ED6B007A4C16 /* Sources */ = {
			isa = PBXSourcesBuildPhase;
			buildActionMask = 2147483647;
			files = (
				1A0DB0921A96ED6B007A4C16 /* ScratchpadTests.swift in Sources */,
			);
			runOnlyForDeploymentPostprocessing = 0;
		};
/* End PBXSourcesBuildPhase section */

/* Begin PBXTargetDependency section */
		1A0DB08D1A96ED6B007A4C16 /* PBXTargetDependency */ = {
			isa = PBXTargetDependency;
			target = 1A0DB0751A96ED6B007A4C16 /* Scratchpad */;
			targetProxy = 1A0DB08C1A96ED6B007A4C16 /* PBXContainerItemProxy */;
		};
/* End PBXTargetDependency section */

/* Begin PBXVariantGroup section */
		1A0DB07F1A96ED6B007A4C16 /* Main.storyboard */ = {
			isa = PBXVariantGroup;
			children = (
				1A0DB0801A96ED6B007A4C16 /* Base */,
			);
			name = Main.storyboard;
			sourceTree = "<group>";
		};
		1A0DB0841A96ED6B007A4C16 /* LaunchScreen.xib */ = {
			isa = PBXVariantGroup;
			children = (
				1A0DB0851A96ED6B007A4C16 /* Base */,
			);
			name = LaunchScreen.xib;
			sourceTree = "<group>";
		};
/* End PBXVariantGroup section */

/* Begin XCBuildConfiguration section */
		1A0DB0931A96ED6B007A4C16 /* Debug */ = {
			isa = XCBuildConfiguration;
			buildSettings = {
				ALWAYS_SEARCH_USER_PATHS = NO;
				CLANG_CXX_LANGUAGE_STANDARD = "gnu++0x";
				CLANG_CXX_LIBRARY = "libc++";
				CLANG_ENABLE_MODULES = YES;
				CLANG_ENABLE_OBJC_ARC = YES;
				CLANG_WARN_BOOL_CONVERSION = YES;
				CLANG_WARN_CONSTANT_CONVERSION = YES;
				CLANG_WARN_DIRECT_OBJC_ISA_USAGE = YES_ERROR;
				CLANG_WARN_EMPTY_BODY = YES;
				CLANG_WARN_ENUM_CONVERSION = YES;
				CLANG_WARN_INT_CONVERSION = YES;
				CLANG_WARN_OBJC_ROOT_CLASS = YES_ERROR;
				CLANG_WARN_UNREACHABLE_CODE = YES;
				CLANG_WARN__DUPLICATE_METHOD_MATCH = YES;
				"CODE_SIGN_IDENTITY[sdk=iphoneos*]" = "iPhone Developer";
				COPY_PHASE_STRIP = NO;
				ENABLE_STRICT_OBJC_MSGSEND = YES;
				GCC_C_LANGUAGE_STANDARD = gnu99;
				GCC_DYNAMIC_NO_PIC = NO;
				GCC_OPTIMIZATION_LEVEL = 0;
				GCC_PREPROCESSOR_DEFINITIONS = (
					"DEBUG=1",
					"$(inherited)",
				);
				GCC_SYMBOLS_PRIVATE_EXTERN = NO;
				GCC_WARN_64_TO_32_BIT_CONVERSION = YES;
				GCC_WARN_ABOUT_RETURN_TYPE = YES_ERROR;
				GCC_WARN_UNDECLARED_SELECTOR = YES;
				GCC_WARN_UNINITIALIZED_AUTOS = YES_AGGRESSIVE;
				GCC_WARN_UNUSED_FUNCTION = YES;
				GCC_WARN_UNUSED_VARIABLE = YES;
				IPHONEOS_DEPLOYMENT_TARGET = 8.1;
				MTL_ENABLE_DEBUG_INFO = YES;
				ONLY_ACTIVE_ARCH = YES;
				SDKROOT = iphoneos;
				SWIFT_OPTIMIZATION_LEVEL = "-Onone";
				TARGETED_DEVICE_FAMILY = "1,2";
			};
			name = Debug;
		};
		1A0DB0941A96ED6B007A4C16 /* Release */ = {
			isa = XCBuildConfiguration;
			buildSettings = {
				ALWAYS_SEARCH_USER_PATHS = NO;
				CLANG_CXX_LANGUAGE_STANDARD = "gnu++0x";
				CLANG_CXX_LIBRARY = "libc++";
				CLANG_ENABLE_MODULES = YES;
				CLANG_ENABLE_OBJC_ARC = YES;
				CLANG_WARN_BOOL_CONVERSION = YES;
				CLANG_WARN_CONSTANT_CONVERSION = YES;
				CLANG_WARN_DIRECT_OBJC_ISA_USAGE = YES_ERROR;
				CLANG_WARN_EMPTY_BODY = YES;
				CLANG_WARN_ENUM_CONVERSION = YES;
				CLANG_WARN_INT_CONVERSION = YES;
				CLANG_WARN_OBJC_ROOT_CLASS = YES_ERROR;
				CLANG_WARN_UNREACHABLE_CODE = YES;
				CLANG_WARN__DUPLICATE_METHOD_MATCH = YES;
				"CODE_SIGN_IDENTITY[sdk=iphoneos*]" = "iPhone Developer";
				COPY_PHASE_STRIP = YES;
				ENABLE_NS_ASSERTIONS = NO;
				ENABLE_STRICT_OBJC_MSGSEND = YES;
				GCC_C_LANGUAGE_STANDARD = gnu99;
				GCC_WARN_64_TO_32_BIT_CONVERSION = YES;
				GCC_WARN_ABOUT_RETURN_TYPE = YES_ERROR;
				GCC_WARN_UNDECLARED_SELECTOR = YES;
				GCC_WARN_UNINITIALIZED_AUTOS = YES_AGGRESSIVE;
				GCC_WARN_UNUSED_FUNCTION = YES;
				GCC_WARN_UNUSED_VARIABLE = YES;
				IPHONEOS_DEPLOYMENT_TARGET = 8.1;
				MTL_ENABLE_DEBUG_INFO = NO;
				SDKROOT = iphoneos;
				TARGETED_DEVICE_FAMILY = "1,2";
				VALIDATE_PRODUCT = YES;
			};
			name = Release;
		};
		1A0DB0961A96ED6B007A4C16 /* Debug */ = {
			isa = XCBuildConfiguration;
			buildSettings = {
				ASSETCATALOG_COMPILER_APPICON_NAME = AppIcon;
				INFOPLIST_FILE = Scratchpad/Info.plist;
				LD_RUNPATH_SEARCH_PATHS = "$(inherited) @executable_path/Frameworks";
				PRODUCT_NAME = "$(TARGET_NAME)";
			};
			name = Debug;
		};
		1A0DB0971A96ED6B007A4C16 /* Release */ = {
			isa = XCBuildConfiguration;
			buildSettings = {
				ASSETCATALOG_COMPILER_APPICON_NAME = AppIcon;
				INFOPLIST_FILE = Scratchpad/Info.plist;
				LD_RUNPATH_SEARCH_PATHS = "$(inherited) @executable_path/Frameworks";
				PRODUCT_NAME = "$(TARGET_NAME)";
			};
			name = Release;
		};
		1A0DB0991A96ED6B007A4C16 /* Debug */ = {
			isa = XCBuildConfiguration;
			buildSettings = {
				BUNDLE_LOADER = "$(TEST_HOST)";
				FRAMEWORK_SEARCH_PATHS = (
					"$(SDKROOT)/Developer/Library/Frameworks",
					"$(inherited)",
				);
				GCC_PREPROCESSOR_DEFINITIONS = (
					"DEBUG=1",
					"$(inherited)",
				);
				INFOPLIST_FILE = ScratchpadTests/Info.plist;
				LD_RUNPATH_SEARCH_PATHS = "$(inherited) @executable_path/Frameworks @loader_path/Frameworks";
				PRODUCT_NAME = "$(TARGET_NAME)";
				TEST_HOST = "$(BUILT_PRODUCTS_DIR)/Scratchpad.app/Scratchpad";
			};
			name = Debug;
		};
		1A0DB09A1A96ED6B007A4C16 /* Release */ = {
			isa = XCBuildConfiguration;
			buildSettings = {
				BUNDLE_LOADER = "$(TEST_HOST)";
				FRAMEWORK_SEARCH_PATHS = (
					"$(SDKROOT)/Developer/Library/Frameworks",
					"$(inherited)",
				);
				INFOPLIST_FILE = ScratchpadTests/Info.plist;
				LD_RUNPATH_SEARCH_PATHS = "$(inherited) @executable_path/Frameworks @loader_path/Frameworks";
				PRODUCT_NAME = "$(TARGET_NAME)";
				TEST_HOST = "$(BUILT_PRODUCTS_DIR)/Scratchpad.app/Scratchpad";
			};
			name = Release;
		};
/* End XCBuildConfiguration section */

/* Begin XCConfigurationList section */
		1A0DB0711A96ED6B007A4C16 /* Build configuration list for PBXProject "Scratchpad" */ = {
			isa = XCConfigurationList;
			buildConfigurations = (
				1A0DB0931A96ED6B007A4C16 /* Debug */,
				1A0DB0941A96ED6B007A4C16 /* Release */,
			);
			defaultConfigurationIsVisible = 0;
			defaultConfigurationName = Release;
		};
		1A0DB0951A96ED6B007A4C16 /* Build configuration list for PBXNativeTarget "Scratchpad" */ = {
			isa = XCConfigurationList;
			buildConfigurations = (
				1A0DB0961A96ED6B007A4C16 /* Debug */,
				1A0DB0971A96ED6B007A4C16 /* Release */,
			);
			defaultConfigurationIsVisible = 0;
		};
		1A0DB0981A96ED6B007A4C16 /* Build configuration list for PBXNativeTarget "ScratchpadTests" */ = {
			isa = XCConfigurationList;
			buildConfigurations = (
				1A0DB0991A96ED6B007A4C16 /* Debug */,
				1A0DB09A1A96ED6B007A4C16 /* Release */,
			);
			defaultConfigurationIsVisible = 0;
		};
/* End XCConfigurationList section */
	};
	rootObject = 1A0DB06E1A96ED6B007A4C16 /* Project object */;
}
