// !$*UTF8*$!
{
	archiveVersion = 1;
	classes = {
	};
	objectVersion = 46;
	objects = {

/* Begin PBXBuildFile section */
		69188E171B8D7B5C00012C81 /* ClubListTableViewController.swift in Sources */ = {isa = PBXBuildFile; fileRef = 69188E161B8D7B5C00012C81 /* ClubListTableViewController.swift */; };
		69188E191B8D7EFF00012C81 /* Club.swift in Sources */ = {isa = PBXBuildFile; fileRef = 69188E181B8D7EFF00012C81 /* Club.swift */; };
		69188E1F1B8D857000012C81 /* Settings.swift in Sources */ = {isa = PBXBuildFile; fileRef = 69188E1E1B8D857000012C81 /* Settings.swift */; };
		69188E231B8D92F900012C81 /* Service.swift in Sources */ = {isa = PBXBuildFile; fileRef = 69188E201B8D863200012C81 /* Service.swift */; };
		693AB7821B9C7C6C00078858 /* LoginViewController.swift in Sources */ = {isa = PBXBuildFile; fileRef = 693AB7811B9C7C6C00078858 /* LoginViewController.swift */; };
		694CA6A51B9BBE9A0044ABE3 /* QuestionTableViewController.swift in Sources */ = {isa = PBXBuildFile; fileRef = 694CA6A41B9BBE9A0044ABE3 /* QuestionTableViewController.swift */; };
		694CA6B01B9BC1540044ABE3 /* AnswerViewController.swift in Sources */ = {isa = PBXBuildFile; fileRef = 694CA6AF1B9BC1540044ABE3 /* AnswerViewController.swift */; };
		694FE7DA1B8C403A00C1B51B /* AppDelegate.swift in Sources */ = {isa = PBXBuildFile; fileRef = 694FE7D91B8C403A00C1B51B /* AppDelegate.swift */; };
		694FE7E11B8C403A00C1B51B /* Main.storyboard in Resources */ = {isa = PBXBuildFile; fileRef = 694FE7DF1B8C403A00C1B51B /* Main.storyboard */; };
		694FE7E31B8C403A00C1B51B /* Images.xcassets in Resources */ = {isa = PBXBuildFile; fileRef = 694FE7E21B8C403A00C1B51B /* Images.xcassets */; };
		694FE7E61B8C403A00C1B51B /* LaunchScreen.xib in Resources */ = {isa = PBXBuildFile; fileRef = 694FE7E41B8C403A00C1B51B /* LaunchScreen.xib */; };
		694FE7F21B8C403A00C1B51B /* UCI_Club_Manager_DemoTests.swift in Sources */ = {isa = PBXBuildFile; fileRef = 694FE7F11B8C403A00C1B51B /* UCI_Club_Manager_DemoTests.swift */; };
		696297AE1B9BDA3300B0D0D1 /* About.swift in Sources */ = {isa = PBXBuildFile; fileRef = 696297AD1B9BDA3300B0D0D1 /* About.swift */; };
		696297B21B9BFAE300B0D0D1 /* ClubTabBarController.swift in Sources */ = {isa = PBXBuildFile; fileRef = 696297B11B9BFAE300B0D0D1 /* ClubTabBarController.swift */; };
		696297B41B9C0F9D00B0D0D1 /* Announcement.swift in Sources */ = {isa = PBXBuildFile; fileRef = 696297B31B9C0F9D00B0D0D1 /* Announcement.swift */; };
		697761F21B96B4E200181206 /* AnnouncementsTableViewController.swift in Sources */ = {isa = PBXBuildFile; fileRef = 697761F11B96B4E200181206 /* AnnouncementsTableViewController.swift */; };
		697761F41B96B68100181206 /* AboutUsViewController.swift in Sources */ = {isa = PBXBuildFile; fileRef = 697761F31B96B68100181206 /* AboutUsViewController.swift */; };
		697761F61B96B6DA00181206 /* ContactUsViewController.swift in Sources */ = {isa = PBXBuildFile; fileRef = 697761F51B96B6DA00181206 /* ContactUsViewController.swift */; };
		6990ED531BAE2A5200C8F35A /* ChartAnimator.swift in Sources */ = {isa = PBXBuildFile; fileRef = 6990ECF71BAE2A5200C8F35A /* ChartAnimator.swift */; settings = {ASSET_TAGS = (); }; };
		6990ED541BAE2A5200C8F35A /* ChartAnimationEasing.swift in Sources */ = {isa = PBXBuildFile; fileRef = 6990ECF81BAE2A5200C8F35A /* ChartAnimationEasing.swift */; settings = {ASSET_TAGS = (); }; };
		6990ED551BAE2A5200C8F35A /* BarChartView.swift in Sources */ = {isa = PBXBuildFile; fileRef = 6990ECFA1BAE2A5200C8F35A /* BarChartView.swift */; settings = {ASSET_TAGS = (); }; };
		6990ED561BAE2A5200C8F35A /* BarLineChartViewBase.swift in Sources */ = {isa = PBXBuildFile; fileRef = 6990ECFB1BAE2A5200C8F35A /* BarLineChartViewBase.swift */; settings = {ASSET_TAGS = (); }; };
		6990ED571BAE2A5200C8F35A /* BubbleChartView.swift in Sources */ = {isa = PBXBuildFile; fileRef = 6990ECFC1BAE2A5200C8F35A /* BubbleChartView.swift */; settings = {ASSET_TAGS = (); }; };
		6990ED581BAE2A5200C8F35A /* CandleStickChartView.swift in Sources */ = {isa = PBXBuildFile; fileRef = 6990ECFD1BAE2A5200C8F35A /* CandleStickChartView.swift */; settings = {ASSET_TAGS = (); }; };
		6990ED591BAE2A5200C8F35A /* ChartViewBase.swift in Sources */ = {isa = PBXBuildFile; fileRef = 6990ECFE1BAE2A5200C8F35A /* ChartViewBase.swift */; settings = {ASSET_TAGS = (); }; };
		6990ED5A1BAE2A5200C8F35A /* CombinedChartView.swift in Sources */ = {isa = PBXBuildFile; fileRef = 6990ECFF1BAE2A5200C8F35A /* CombinedChartView.swift */; settings = {ASSET_TAGS = (); }; };
		6990ED5B1BAE2A5200C8F35A /* HorizontalBarChartView.swift in Sources */ = {isa = PBXBuildFile; fileRef = 6990ED001BAE2A5200C8F35A /* HorizontalBarChartView.swift */; settings = {ASSET_TAGS = (); }; };
		6990ED5C1BAE2A5200C8F35A /* LineChartView.swift in Sources */ = {isa = PBXBuildFile; fileRef = 6990ED011BAE2A5200C8F35A /* LineChartView.swift */; settings = {ASSET_TAGS = (); }; };
		6990ED5D1BAE2A5200C8F35A /* PieChartView.swift in Sources */ = {isa = PBXBuildFile; fileRef = 6990ED021BAE2A5200C8F35A /* PieChartView.swift */; settings = {ASSET_TAGS = (); }; };
		6990ED5E1BAE2A5200C8F35A /* PieRadarChartViewBase.swift in Sources */ = {isa = PBXBuildFile; fileRef = 6990ED031BAE2A5200C8F35A /* PieRadarChartViewBase.swift */; settings = {ASSET_TAGS = (); }; };
		6990ED5F1BAE2A5200C8F35A /* RadarChartView.swift in Sources */ = {isa = PBXBuildFile; fileRef = 6990ED041BAE2A5200C8F35A /* RadarChartView.swift */; settings = {ASSET_TAGS = (); }; };
		6990ED601BAE2A5200C8F35A /* ScatterChartView.swift in Sources */ = {isa = PBXBuildFile; fileRef = 6990ED051BAE2A5200C8F35A /* ScatterChartView.swift */; settings = {ASSET_TAGS = (); }; };
		6990ED611BAE2A5200C8F35A /* ChartAxisBase.swift in Sources */ = {isa = PBXBuildFile; fileRef = 6990ED071BAE2A5200C8F35A /* ChartAxisBase.swift */; settings = {ASSET_TAGS = (); }; };
		6990ED621BAE2A5200C8F35A /* ChartComponentBase.swift in Sources */ = {isa = PBXBuildFile; fileRef = 6990ED081BAE2A5200C8F35A /* ChartComponentBase.swift */; settings = {ASSET_TAGS = (); }; };
		6990ED631BAE2A5200C8F35A /* ChartLegend.swift in Sources */ = {isa = PBXBuildFile; fileRef = 6990ED091BAE2A5200C8F35A /* ChartLegend.swift */; settings = {ASSET_TAGS = (); }; };
		6990ED641BAE2A5200C8F35A /* ChartLimitLine.swift in Sources */ = {isa = PBXBuildFile; fileRef = 6990ED0A1BAE2A5200C8F35A /* ChartLimitLine.swift */; settings = {ASSET_TAGS = (); }; };
		6990ED651BAE2A5200C8F35A /* ChartMarker.swift in Sources */ = {isa = PBXBuildFile; fileRef = 6990ED0B1BAE2A5200C8F35A /* ChartMarker.swift */; settings = {ASSET_TAGS = (); }; };
		6990ED661BAE2A5200C8F35A /* ChartXAxis.swift in Sources */ = {isa = PBXBuildFile; fileRef = 6990ED0C1BAE2A5200C8F35A /* ChartXAxis.swift */; settings = {ASSET_TAGS = (); }; };
		6990ED671BAE2A5200C8F35A /* ChartYAxis.swift in Sources */ = {isa = PBXBuildFile; fileRef = 6990ED0D1BAE2A5200C8F35A /* ChartYAxis.swift */; settings = {ASSET_TAGS = (); }; };
		6990ED681BAE2A5200C8F35A /* BarChartData.swift in Sources */ = {isa = PBXBuildFile; fileRef = 6990ED0F1BAE2A5200C8F35A /* BarChartData.swift */; settings = {ASSET_TAGS = (); }; };
		6990ED691BAE2A5200C8F35A /* BarChartDataEntry.swift in Sources */ = {isa = PBXBuildFile; fileRef = 6990ED101BAE2A5200C8F35A /* BarChartDataEntry.swift */; settings = {ASSET_TAGS = (); }; };
		6990ED6A1BAE2A5200C8F35A /* BarChartDataSet.swift in Sources */ = {isa = PBXBuildFile; fileRef = 6990ED111BAE2A5200C8F35A /* BarChartDataSet.swift */; settings = {ASSET_TAGS = (); }; };
		6990ED6B1BAE2A5200C8F35A /* BarLineScatterCandleChartData.swift in Sources */ = {isa = PBXBuildFile; fileRef = 6990ED121BAE2A5200C8F35A /* BarLineScatterCandleChartData.swift */; settings = {ASSET_TAGS = (); }; };
		6990ED6C1BAE2A5200C8F35A /* BarLineScatterCandleChartDataSet.swift in Sources */ = {isa = PBXBuildFile; fileRef = 6990ED131BAE2A5200C8F35A /* BarLineScatterCandleChartDataSet.swift */; settings = {ASSET_TAGS = (); }; };
		6990ED6D1BAE2A5200C8F35A /* BubbleChartData.swift in Sources */ = {isa = PBXBuildFile; fileRef = 6990ED141BAE2A5200C8F35A /* BubbleChartData.swift */; settings = {ASSET_TAGS = (); }; };
		6990ED6E1BAE2A5200C8F35A /* BubbleChartDataEntry.swift in Sources */ = {isa = PBXBuildFile; fileRef = 6990ED151BAE2A5200C8F35A /* BubbleChartDataEntry.swift */; settings = {ASSET_TAGS = (); }; };
		6990ED6F1BAE2A5200C8F35A /* BubbleChartDataSet.swift in Sources */ = {isa = PBXBuildFile; fileRef = 6990ED161BAE2A5200C8F35A /* BubbleChartDataSet.swift */; settings = {ASSET_TAGS = (); }; };
		6990ED701BAE2A5200C8F35A /* CandleChartData.swift in Sources */ = {isa = PBXBuildFile; fileRef = 6990ED171BAE2A5200C8F35A /* CandleChartData.swift */; settings = {ASSET_TAGS = (); }; };
		6990ED711BAE2A5200C8F35A /* CandleChartDataEntry.swift in Sources */ = {isa = PBXBuildFile; fileRef = 6990ED181BAE2A5200C8F35A /* CandleChartDataEntry.swift */; settings = {ASSET_TAGS = (); }; };
		6990ED721BAE2A5200C8F35A /* CandleChartDataSet.swift in Sources */ = {isa = PBXBuildFile; fileRef = 6990ED191BAE2A5200C8F35A /* CandleChartDataSet.swift */; settings = {ASSET_TAGS = (); }; };
		6990ED731BAE2A5200C8F35A /* CombinedChartData.swift in Sources */ = {isa = PBXBuildFile; fileRef = 6990ED1A1BAE2A5200C8F35A /* CombinedChartData.swift */; settings = {ASSET_TAGS = (); }; };
		6990ED741BAE2A5200C8F35A /* ChartData.swift in Sources */ = {isa = PBXBuildFile; fileRef = 6990ED1B1BAE2A5200C8F35A /* ChartData.swift */; settings = {ASSET_TAGS = (); }; };
		6990ED751BAE2A5200C8F35A /* ChartDataEntry.swift in Sources */ = {isa = PBXBuildFile; fileRef = 6990ED1C1BAE2A5200C8F35A /* ChartDataEntry.swift */; settings = {ASSET_TAGS = (); }; };
		6990ED761BAE2A5200C8F35A /* ChartDataSet.swift in Sources */ = {isa = PBXBuildFile; fileRef = 6990ED1D1BAE2A5200C8F35A /* ChartDataSet.swift */; settings = {ASSET_TAGS = (); }; };
		6990ED771BAE2A5200C8F35A /* LineChartData.swift in Sources */ = {isa = PBXBuildFile; fileRef = 6990ED1E1BAE2A5200C8F35A /* LineChartData.swift */; settings = {ASSET_TAGS = (); }; };
		6990ED781BAE2A5200C8F35A /* LineChartDataSet.swift in Sources */ = {isa = PBXBuildFile; fileRef = 6990ED1F1BAE2A5200C8F35A /* LineChartDataSet.swift */; settings = {ASSET_TAGS = (); }; };
		6990ED791BAE2A5200C8F35A /* LineRadarChartDataSet.swift in Sources */ = {isa = PBXBuildFile; fileRef = 6990ED201BAE2A5200C8F35A /* LineRadarChartDataSet.swift */; settings = {ASSET_TAGS = (); }; };
		6990ED7A1BAE2A5200C8F35A /* LineScatterCandleChartDataSet.swift in Sources */ = {isa = PBXBuildFile; fileRef = 6990ED211BAE2A5200C8F35A /* LineScatterCandleChartDataSet.swift */; settings = {ASSET_TAGS = (); }; };
		6990ED7B1BAE2A5200C8F35A /* PieChartData.swift in Sources */ = {isa = PBXBuildFile; fileRef = 6990ED221BAE2A5200C8F35A /* PieChartData.swift */; settings = {ASSET_TAGS = (); }; };
		6990ED7C1BAE2A5200C8F35A /* PieChartDataSet.swift in Sources */ = {isa = PBXBuildFile; fileRef = 6990ED231BAE2A5200C8F35A /* PieChartDataSet.swift */; settings = {ASSET_TAGS = (); }; };
		6990ED7D1BAE2A5200C8F35A /* RadarChartData.swift in Sources */ = {isa = PBXBuildFile; fileRef = 6990ED241BAE2A5200C8F35A /* RadarChartData.swift */; settings = {ASSET_TAGS = (); }; };
		6990ED7E1BAE2A5200C8F35A /* RadarChartDataSet.swift in Sources */ = {isa = PBXBuildFile; fileRef = 6990ED251BAE2A5200C8F35A /* RadarChartDataSet.swift */; settings = {ASSET_TAGS = (); }; };
		6990ED7F1BAE2A5200C8F35A /* ScatterChartData.swift in Sources */ = {isa = PBXBuildFile; fileRef = 6990ED261BAE2A5200C8F35A /* ScatterChartData.swift */; settings = {ASSET_TAGS = (); }; };
		6990ED801BAE2A5200C8F35A /* ScatterChartDataSet.swift in Sources */ = {isa = PBXBuildFile; fileRef = 6990ED271BAE2A5200C8F35A /* ScatterChartDataSet.swift */; settings = {ASSET_TAGS = (); }; };
		6990ED811BAE2A5200C8F35A /* ChartDataApproximatorFilter.swift in Sources */ = {isa = PBXBuildFile; fileRef = 6990ED291BAE2A5200C8F35A /* ChartDataApproximatorFilter.swift */; settings = {ASSET_TAGS = (); }; };
		6990ED821BAE2A5200C8F35A /* ChartDataBaseFilter.swift in Sources */ = {isa = PBXBuildFile; fileRef = 6990ED2A1BAE2A5200C8F35A /* ChartDataBaseFilter.swift */; settings = {ASSET_TAGS = (); }; };
		6990ED831BAE2A5200C8F35A /* ChartHighlight.swift in Sources */ = {isa = PBXBuildFile; fileRef = 6990ED2C1BAE2A5200C8F35A /* ChartHighlight.swift */; settings = {ASSET_TAGS = (); }; };
		6990ED841BAE2A5200C8F35A /* ChartRange.swift in Sources */ = {isa = PBXBuildFile; fileRef = 6990ED2D1BAE2A5200C8F35A /* ChartRange.swift */; settings = {ASSET_TAGS = (); }; };
		6990ED851BAE2A5200C8F35A /* ChartHighlighter.swift in Sources */ = {isa = PBXBuildFile; fileRef = 6990ED2E1BAE2A5200C8F35A /* ChartHighlighter.swift */; settings = {ASSET_TAGS = (); }; };
		6990ED861BAE2A5200C8F35A /* BarChartHighlighter.swift in Sources */ = {isa = PBXBuildFile; fileRef = 6990ED2F1BAE2A5200C8F35A /* BarChartHighlighter.swift */; settings = {ASSET_TAGS = (); }; };
		6990ED871BAE2A5200C8F35A /* HorizontalBarChartHighlighter.swift in Sources */ = {isa = PBXBuildFile; fileRef = 6990ED301BAE2A5200C8F35A /* HorizontalBarChartHighlighter.swift */; settings = {ASSET_TAGS = (); }; };
		6990ED881BAE2A5200C8F35A /* ChartAxisRendererBase.swift in Sources */ = {isa = PBXBuildFile; fileRef = 6990ED321BAE2A5200C8F35A /* ChartAxisRendererBase.swift */; settings = {ASSET_TAGS = (); }; };
		6990ED891BAE2A5200C8F35A /* BarChartRenderer.swift in Sources */ = {isa = PBXBuildFile; fileRef = 6990ED331BAE2A5200C8F35A /* BarChartRenderer.swift */; settings = {ASSET_TAGS = (); }; };
		6990ED8A1BAE2A5200C8F35A /* BubbleChartRenderer.swift in Sources */ = {isa = PBXBuildFile; fileRef = 6990ED341BAE2A5200C8F35A /* BubbleChartRenderer.swift */; settings = {ASSET_TAGS = (); }; };
		6990ED8B1BAE2A5200C8F35A /* CandleStickChartRenderer.swift in Sources */ = {isa = PBXBuildFile; fileRef = 6990ED351BAE2A5200C8F35A /* CandleStickChartRenderer.swift */; settings = {ASSET_TAGS = (); }; };
		6990ED8C1BAE2A5200C8F35A /* CombinedChartRenderer.swift in Sources */ = {isa = PBXBuildFile; fileRef = 6990ED361BAE2A5200C8F35A /* CombinedChartRenderer.swift */; settings = {ASSET_TAGS = (); }; };
		6990ED8D1BAE2A5200C8F35A /* ChartDataRendererBase.swift in Sources */ = {isa = PBXBuildFile; fileRef = 6990ED371BAE2A5200C8F35A /* ChartDataRendererBase.swift */; settings = {ASSET_TAGS = (); }; };
		6990ED8E1BAE2A5200C8F35A /* HorizontalBarChartRenderer.swift in Sources */ = {isa = PBXBuildFile; fileRef = 6990ED381BAE2A5200C8F35A /* HorizontalBarChartRenderer.swift */; settings = {ASSET_TAGS = (); }; };
		6990ED8F1BAE2A5200C8F35A /* ChartLegendRenderer.swift in Sources */ = {isa = PBXBuildFile; fileRef = 6990ED391BAE2A5200C8F35A /* ChartLegendRenderer.swift */; settings = {ASSET_TAGS = (); }; };
		6990ED901BAE2A5200C8F35A /* LineChartRenderer.swift in Sources */ = {isa = PBXBuildFile; fileRef = 6990ED3A1BAE2A5200C8F35A /* LineChartRenderer.swift */; settings = {ASSET_TAGS = (); }; };
		6990ED911BAE2A5200C8F35A /* LineScatterCandleRadarChartRenderer.swift in Sources */ = {isa = PBXBuildFile; fileRef = 6990ED3B1BAE2A5200C8F35A /* LineScatterCandleRadarChartRenderer.swift */; settings = {ASSET_TAGS = (); }; };
		6990ED921BAE2A5200C8F35A /* PieChartRenderer.swift in Sources */ = {isa = PBXBuildFile; fileRef = 6990ED3C1BAE2A5200C8F35A /* PieChartRenderer.swift */; settings = {ASSET_TAGS = (); }; };
		6990ED931BAE2A5200C8F35A /* RadarChartRenderer.swift in Sources */ = {isa = PBXBuildFile; fileRef = 6990ED3D1BAE2A5200C8F35A /* RadarChartRenderer.swift */; settings = {ASSET_TAGS = (); }; };
		6990ED941BAE2A5200C8F35A /* ChartRendererBase.swift in Sources */ = {isa = PBXBuildFile; fileRef = 6990ED3E1BAE2A5200C8F35A /* ChartRendererBase.swift */; settings = {ASSET_TAGS = (); }; };
		6990ED951BAE2A5200C8F35A /* ScatterChartRenderer.swift in Sources */ = {isa = PBXBuildFile; fileRef = 6990ED3F1BAE2A5200C8F35A /* ScatterChartRenderer.swift */; settings = {ASSET_TAGS = (); }; };
		6990ED961BAE2A5200C8F35A /* ChartXAxisRenderer.swift in Sources */ = {isa = PBXBuildFile; fileRef = 6990ED401BAE2A5200C8F35A /* ChartXAxisRenderer.swift */; settings = {ASSET_TAGS = (); }; };
		6990ED971BAE2A5200C8F35A /* ChartXAxisRendererBarChart.swift in Sources */ = {isa = PBXBuildFile; fileRef = 6990ED411BAE2A5200C8F35A /* ChartXAxisRendererBarChart.swift */; settings = {ASSET_TAGS = (); }; };
		6990ED981BAE2A5200C8F35A /* ChartXAxisRendererHorizontalBarChart.swift in Sources */ = {isa = PBXBuildFile; fileRef = 6990ED421BAE2A5200C8F35A /* ChartXAxisRendererHorizontalBarChart.swift */; settings = {ASSET_TAGS = (); }; };
		6990ED991BAE2A5200C8F35A /* ChartXAxisRendererRadarChart.swift in Sources */ = {isa = PBXBuildFile; fileRef = 6990ED431BAE2A5200C8F35A /* ChartXAxisRendererRadarChart.swift */; settings = {ASSET_TAGS = (); }; };
		6990ED9A1BAE2A5200C8F35A /* ChartYAxisRenderer.swift in Sources */ = {isa = PBXBuildFile; fileRef = 6990ED441BAE2A5200C8F35A /* ChartYAxisRenderer.swift */; settings = {ASSET_TAGS = (); }; };
		6990ED9B1BAE2A5200C8F35A /* ChartYAxisRendererHorizontalBarChart.swift in Sources */ = {isa = PBXBuildFile; fileRef = 6990ED451BAE2A5200C8F35A /* ChartYAxisRendererHorizontalBarChart.swift */; settings = {ASSET_TAGS = (); }; };
		6990ED9C1BAE2A5200C8F35A /* ChartYAxisRendererRadarChart.swift in Sources */ = {isa = PBXBuildFile; fileRef = 6990ED461BAE2A5200C8F35A /* ChartYAxisRendererRadarChart.swift */; settings = {ASSET_TAGS = (); }; };
		6990ED9D1BAE2A5200C8F35A /* ChartColorTemplates.swift in Sources */ = {isa = PBXBuildFile; fileRef = 6990ED481BAE2A5200C8F35A /* ChartColorTemplates.swift */; settings = {ASSET_TAGS = (); }; };
		6990ED9E1BAE2A5200C8F35A /* ChartFillFormatter.swift in Sources */ = {isa = PBXBuildFile; fileRef = 6990ED491BAE2A5200C8F35A /* ChartFillFormatter.swift */; settings = {ASSET_TAGS = (); }; };
		6990ED9F1BAE2A5200C8F35A /* ChartSelectionDetail.swift in Sources */ = {isa = PBXBuildFile; fileRef = 6990ED4A1BAE2A5200C8F35A /* ChartSelectionDetail.swift */; settings = {ASSET_TAGS = (); }; };
		6990EDA01BAE2A5200C8F35A /* ChartTransformer.swift in Sources */ = {isa = PBXBuildFile; fileRef = 6990ED4B1BAE2A5200C8F35A /* ChartTransformer.swift */; settings = {ASSET_TAGS = (); }; };
		6990EDA11BAE2A5200C8F35A /* ChartTransformerHorizontalBarChart.swift in Sources */ = {isa = PBXBuildFile; fileRef = 6990ED4C1BAE2A5200C8F35A /* ChartTransformerHorizontalBarChart.swift */; settings = {ASSET_TAGS = (); }; };
		6990EDA21BAE2A5200C8F35A /* ChartUtils.swift in Sources */ = {isa = PBXBuildFile; fileRef = 6990ED4D1BAE2A5200C8F35A /* ChartUtils.swift */; settings = {ASSET_TAGS = (); }; };
		6990EDA31BAE2A5200C8F35A /* ChartViewPortHandler.swift in Sources */ = {isa = PBXBuildFile; fileRef = 6990ED4E1BAE2A5200C8F35A /* ChartViewPortHandler.swift */; settings = {ASSET_TAGS = (); }; };
		6990EDA41BAE2A5200C8F35A /* UIGraphics+Extensions.swift in Sources */ = {isa = PBXBuildFile; fileRef = 6990ED4F1BAE2A5200C8F35A /* UIGraphics+Extensions.swift */; settings = {ASSET_TAGS = (); }; };
		6990EDA51BAE2A5200C8F35A /* CALayer+Extensions.swift in Sources */ = {isa = PBXBuildFile; fileRef = 6990ED501BAE2A5200C8F35A /* CALayer+Extensions.swift */; settings = {ASSET_TAGS = (); }; };
		69B7B0881B9C94F0008285B4 /* AnnouncementTableViewCell.swift in Sources */ = {isa = PBXBuildFile; fileRef = 69B7B0871B9C94F0008285B4 /* AnnouncementTableViewCell.swift */; };
		69D7B5AC1B9E829C0019084E /* Question.swift in Sources */ = {isa = PBXBuildFile; fileRef = 69D7B5AB1B9E829C0019084E /* Question.swift */; };
		69E0FA671B9FB78E00979B98 /* VoteCount.swift in Sources */ = {isa = PBXBuildFile; fileRef = 69E0FA661B9FB78E00979B98 /* VoteCount.swift */; };
		69F1E4D21BA9384B00F2AF68 /* NavigationController.swift in Sources */ = {isa = PBXBuildFile; fileRef = 69F1E4D11BA9384B00F2AF68 /* NavigationController.swift */; };
		69F27C231B9EA79F00709011 /* QuestionTableViewCell.swift in Sources */ = {isa = PBXBuildFile; fileRef = 69F27C221B9EA79F00709011 /* QuestionTableViewCell.swift */; };
/* End PBXBuildFile section */

/* Begin PBXContainerItemProxy section */
		694FE7EC1B8C403A00C1B51B /* PBXContainerItemProxy */ = {
			isa = PBXContainerItemProxy;
			containerPortal = 694FE7CC1B8C403A00C1B51B /* Project object */;
			proxyType = 1;
			remoteGlobalIDString = 694FE7D31B8C403A00C1B51B;
			remoteInfo = UCI_Club_Manager_Demo;
		};
/* End PBXContainerItemProxy section */

/* Begin PBXCopyFilesBuildPhase section */
		69E0FA721B9FCAB200979B98 /* Embed Frameworks */ = {
			isa = PBXCopyFilesBuildPhase;
			buildActionMask = 2147483647;
			dstPath = "";
			dstSubfolderSpec = 10;
			files = (
			);
			name = "Embed Frameworks";
			runOnlyForDeploymentPostprocessing = 0;
		};
/* End PBXCopyFilesBuildPhase section */

/* Begin PBXFileReference section */
		69188E161B8D7B5C00012C81 /* ClubListTableViewController.swift */ = {isa = PBXFileReference; fileEncoding = 4; lastKnownFileType = sourcecode.swift; path = ClubListTableViewController.swift; sourceTree = "<group>"; };
		69188E181B8D7EFF00012C81 /* Club.swift */ = {isa = PBXFileReference; fileEncoding = 4; lastKnownFileType = sourcecode.swift; path = Club.swift; sourceTree = "<group>"; };
		69188E1E1B8D857000012C81 /* Settings.swift */ = {isa = PBXFileReference; fileEncoding = 4; lastKnownFileType = sourcecode.swift; path = Settings.swift; sourceTree = "<group>"; };
		69188E201B8D863200012C81 /* Service.swift */ = {isa = PBXFileReference; fileEncoding = 4; lastKnownFileType = sourcecode.swift; path = Service.swift; sourceTree = "<group>"; };
		693AB7811B9C7C6C00078858 /* LoginViewController.swift */ = {isa = PBXFileReference; fileEncoding = 4; lastKnownFileType = sourcecode.swift; path = LoginViewController.swift; sourceTree = "<group>"; };
		694CA6A41B9BBE9A0044ABE3 /* QuestionTableViewController.swift */ = {isa = PBXFileReference; fileEncoding = 4; lastKnownFileType = sourcecode.swift; path = QuestionTableViewController.swift; sourceTree = "<group>"; };
		694CA6AF1B9BC1540044ABE3 /* AnswerViewController.swift */ = {isa = PBXFileReference; fileEncoding = 4; lastKnownFileType = sourcecode.swift; name = AnswerViewController.swift; path = ../AnswerViewController.swift; sourceTree = "<group>"; };
		694FE7D41B8C403A00C1B51B /* UCI_Club_Manager_Demo.app */ = {isa = PBXFileReference; explicitFileType = wrapper.application; includeInIndex = 0; path = UCI_Club_Manager_Demo.app; sourceTree = BUILT_PRODUCTS_DIR; };
		694FE7D81B8C403A00C1B51B /* Info.plist */ = {isa = PBXFileReference; lastKnownFileType = text.plist.xml; path = Info.plist; sourceTree = "<group>"; };
		694FE7D91B8C403A00C1B51B /* AppDelegate.swift */ = {isa = PBXFileReference; lastKnownFileType = sourcecode.swift; path = AppDelegate.swift; sourceTree = "<group>"; };
		694FE7E01B8C403A00C1B51B /* Base */ = {isa = PBXFileReference; lastKnownFileType = file.storyboard; name = Base; path = Base.lproj/Main.storyboard; sourceTree = "<group>"; };
		694FE7E21B8C403A00C1B51B /* Images.xcassets */ = {isa = PBXFileReference; lastKnownFileType = folder.assetcatalog; path = Images.xcassets; sourceTree = "<group>"; };
		694FE7E51B8C403A00C1B51B /* Base */ = {isa = PBXFileReference; lastKnownFileType = file.xib; name = Base; path = Base.lproj/LaunchScreen.xib; sourceTree = "<group>"; };
		694FE7EB1B8C403A00C1B51B /* UCI_Club_Manager_DemoTests.xctest */ = {isa = PBXFileReference; explicitFileType = wrapper.cfbundle; includeInIndex = 0; path = UCI_Club_Manager_DemoTests.xctest; sourceTree = BUILT_PRODUCTS_DIR; };
		694FE7F01B8C403A00C1B51B /* Info.plist */ = {isa = PBXFileReference; lastKnownFileType = text.plist.xml; path = Info.plist; sourceTree = "<group>"; };
		694FE7F11B8C403A00C1B51B /* UCI_Club_Manager_DemoTests.swift */ = {isa = PBXFileReference; lastKnownFileType = sourcecode.swift; path = UCI_Club_Manager_DemoTests.swift; sourceTree = "<group>"; };
		696297AD1B9BDA3300B0D0D1 /* About.swift */ = {isa = PBXFileReference; fileEncoding = 4; lastKnownFileType = sourcecode.swift; path = About.swift; sourceTree = "<group>"; };
		696297B11B9BFAE300B0D0D1 /* ClubTabBarController.swift */ = {isa = PBXFileReference; fileEncoding = 4; lastKnownFileType = sourcecode.swift; name = ClubTabBarController.swift; path = ../ClubTabBarController.swift; sourceTree = "<group>"; };
		696297B31B9C0F9D00B0D0D1 /* Announcement.swift */ = {isa = PBXFileReference; fileEncoding = 4; lastKnownFileType = sourcecode.swift; path = Announcement.swift; sourceTree = "<group>"; };
		697761F11B96B4E200181206 /* AnnouncementsTableViewController.swift */ = {isa = PBXFileReference; fileEncoding = 4; lastKnownFileType = sourcecode.swift; path = AnnouncementsTableViewController.swift; sourceTree = "<group>"; };
		697761F31B96B68100181206 /* AboutUsViewController.swift */ = {isa = PBXFileReference; fileEncoding = 4; lastKnownFileType = sourcecode.swift; path = AboutUsViewController.swift; sourceTree = "<group>"; };
		697761F51B96B6DA00181206 /* ContactUsViewController.swift */ = {isa = PBXFileReference; fileEncoding = 4; lastKnownFileType = sourcecode.swift; path = ContactUsViewController.swift; sourceTree = "<group>"; };
		6990ECF71BAE2A5200C8F35A /* ChartAnimator.swift */ = {isa = PBXFileReference; fileEncoding = 4; lastKnownFileType = sourcecode.swift; path = ChartAnimator.swift; sourceTree = "<group>"; };
		6990ECF81BAE2A5200C8F35A /* ChartAnimationEasing.swift */ = {isa = PBXFileReference; fileEncoding = 4; lastKnownFileType = sourcecode.swift; path = ChartAnimationEasing.swift; sourceTree = "<group>"; };
		6990ECFA1BAE2A5200C8F35A /* BarChartView.swift */ = {isa = PBXFileReference; fileEncoding = 4; lastKnownFileType = sourcecode.swift; path = BarChartView.swift; sourceTree = "<group>"; };
		6990ECFB1BAE2A5200C8F35A /* BarLineChartViewBase.swift */ = {isa = PBXFileReference; fileEncoding = 4; lastKnownFileType = sourcecode.swift; lineEnding = 0; path = BarLineChartViewBase.swift; sourceTree = "<group>"; };
		6990ECFC1BAE2A5200C8F35A /* BubbleChartView.swift */ = {isa = PBXFileReference; fileEncoding = 4; lastKnownFileType = sourcecode.swift; path = BubbleChartView.swift; sourceTree = "<group>"; };
		6990ECFD1BAE2A5200C8F35A /* CandleStickChartView.swift */ = {isa = PBXFileReference; fileEncoding = 4; lastKnownFileType = sourcecode.swift; path = CandleStickChartView.swift; sourceTree = "<group>"; };
		6990ECFE1BAE2A5200C8F35A /* ChartViewBase.swift */ = {isa = PBXFileReference; fileEncoding = 4; lastKnownFileType = sourcecode.swift; path = ChartViewBase.swift; sourceTree = "<group>"; };
		6990ECFF1BAE2A5200C8F35A /* CombinedChartView.swift */ = {isa = PBXFileReference; fileEncoding = 4; lastKnownFileType = sourcecode.swift; path = CombinedChartView.swift; sourceTree = "<group>"; };
		6990ED001BAE2A5200C8F35A /* HorizontalBarChartView.swift */ = {isa = PBXFileReference; fileEncoding = 4; lastKnownFileType = sourcecode.swift; path = HorizontalBarChartView.swift; sourceTree = "<group>"; };
		6990ED011BAE2A5200C8F35A /* LineChartView.swift */ = {isa = PBXFileReference; fileEncoding = 4; lastKnownFileType = sourcecode.swift; path = LineChartView.swift; sourceTree = "<group>"; };
		6990ED021BAE2A5200C8F35A /* PieChartView.swift */ = {isa = PBXFileReference; fileEncoding = 4; lastKnownFileType = sourcecode.swift; path = PieChartView.swift; sourceTree = "<group>"; };
		6990ED031BAE2A5200C8F35A /* PieRadarChartViewBase.swift */ = {isa = PBXFileReference; fileEncoding = 4; lastKnownFileType = sourcecode.swift; path = PieRadarChartViewBase.swift; sourceTree = "<group>"; };
		6990ED041BAE2A5200C8F35A /* RadarChartView.swift */ = {isa = PBXFileReference; fileEncoding = 4; lastKnownFileType = sourcecode.swift; path = RadarChartView.swift; sourceTree = "<group>"; };
		6990ED051BAE2A5200C8F35A /* ScatterChartView.swift */ = {isa = PBXFileReference; fileEncoding = 4; lastKnownFileType = sourcecode.swift; path = ScatterChartView.swift; sourceTree = "<group>"; };
		6990ED071BAE2A5200C8F35A /* ChartAxisBase.swift */ = {isa = PBXFileReference; fileEncoding = 4; lastKnownFileType = sourcecode.swift; lineEnding = 0; path = ChartAxisBase.swift; sourceTree = "<group>"; };
		6990ED081BAE2A5200C8F35A /* ChartComponentBase.swift */ = {isa = PBXFileReference; fileEncoding = 4; lastKnownFileType = sourcecode.swift; path = ChartComponentBase.swift; sourceTree = "<group>"; };
		6990ED091BAE2A5200C8F35A /* ChartLegend.swift */ = {isa = PBXFileReference; fileEncoding = 4; lastKnownFileType = sourcecode.swift; path = ChartLegend.swift; sourceTree = "<group>"; };
		6990ED0A1BAE2A5200C8F35A /* ChartLimitLine.swift */ = {isa = PBXFileReference; fileEncoding = 4; lastKnownFileType = sourcecode.swift; path = ChartLimitLine.swift; sourceTree = "<group>"; };
		6990ED0B1BAE2A5200C8F35A /* ChartMarker.swift */ = {isa = PBXFileReference; fileEncoding = 4; lastKnownFileType = sourcecode.swift; path = ChartMarker.swift; sourceTree = "<group>"; };
		6990ED0C1BAE2A5200C8F35A /* ChartXAxis.swift */ = {isa = PBXFileReference; fileEncoding = 4; lastKnownFileType = sourcecode.swift; path = ChartXAxis.swift; sourceTree = "<group>"; };
		6990ED0D1BAE2A5200C8F35A /* ChartYAxis.swift */ = {isa = PBXFileReference; fileEncoding = 4; lastKnownFileType = sourcecode.swift; path = ChartYAxis.swift; sourceTree = "<group>"; };
		6990ED0F1BAE2A5200C8F35A /* BarChartData.swift */ = {isa = PBXFileReference; fileEncoding = 4; lastKnownFileType = sourcecode.swift; path = BarChartData.swift; sourceTree = "<group>"; };
		6990ED101BAE2A5200C8F35A /* BarChartDataEntry.swift */ = {isa = PBXFileReference; fileEncoding = 4; lastKnownFileType = sourcecode.swift; path = BarChartDataEntry.swift; sourceTree = "<group>"; };
		6990ED111BAE2A5200C8F35A /* BarChartDataSet.swift */ = {isa = PBXFileReference; fileEncoding = 4; lastKnownFileType = sourcecode.swift; path = BarChartDataSet.swift; sourceTree = "<group>"; };
		6990ED121BAE2A5200C8F35A /* BarLineScatterCandleChartData.swift */ = {isa = PBXFileReference; fileEncoding = 4; lastKnownFileType = sourcecode.swift; path = BarLineScatterCandleChartData.swift; sourceTree = "<group>"; };
		6990ED131BAE2A5200C8F35A /* BarLineScatterCandleChartDataSet.swift */ = {isa = PBXFileReference; fileEncoding = 4; lastKnownFileType = sourcecode.swift; path = BarLineScatterCandleChartDataSet.swift; sourceTree = "<group>"; };
		6990ED141BAE2A5200C8F35A /* BubbleChartData.swift */ = {isa = PBXFileReference; fileEncoding = 4; lastKnownFileType = sourcecode.swift; path = BubbleChartData.swift; sourceTree = "<group>"; };
		6990ED151BAE2A5200C8F35A /* BubbleChartDataEntry.swift */ = {isa = PBXFileReference; fileEncoding = 4; lastKnownFileType = sourcecode.swift; path = BubbleChartDataEntry.swift; sourceTree = "<group>"; };
		6990ED161BAE2A5200C8F35A /* BubbleChartDataSet.swift */ = {isa = PBXFileReference; fileEncoding = 4; lastKnownFileType = sourcecode.swift; path = BubbleChartDataSet.swift; sourceTree = "<group>"; };
		6990ED171BAE2A5200C8F35A /* CandleChartData.swift */ = {isa = PBXFileReference; fileEncoding = 4; lastKnownFileType = sourcecode.swift; path = CandleChartData.swift; sourceTree = "<group>"; };
		6990ED181BAE2A5200C8F35A /* CandleChartDataEntry.swift */ = {isa = PBXFileReference; fileEncoding = 4; lastKnownFileType = sourcecode.swift; path = CandleChartDataEntry.swift; sourceTree = "<group>"; };
		6990ED191BAE2A5200C8F35A /* CandleChartDataSet.swift */ = {isa = PBXFileReference; fileEncoding = 4; lastKnownFileType = sourcecode.swift; path = CandleChartDataSet.swift; sourceTree = "<group>"; };
		6990ED1A1BAE2A5200C8F35A /* CombinedChartData.swift */ = {isa = PBXFileReference; fileEncoding = 4; lastKnownFileType = sourcecode.swift; path = CombinedChartData.swift; sourceTree = "<group>"; };
		6990ED1B1BAE2A5200C8F35A /* ChartData.swift */ = {isa = PBXFileReference; fileEncoding = 4; lastKnownFileType = sourcecode.swift; path = ChartData.swift; sourceTree = "<group>"; };
		6990ED1C1BAE2A5200C8F35A /* ChartDataEntry.swift */ = {isa = PBXFileReference; fileEncoding = 4; lastKnownFileType = sourcecode.swift; path = ChartDataEntry.swift; sourceTree = "<group>"; };
		6990ED1D1BAE2A5200C8F35A /* ChartDataSet.swift */ = {isa = PBXFileReference; fileEncoding = 4; lastKnownFileType = sourcecode.swift; path = ChartDataSet.swift; sourceTree = "<group>"; };
		6990ED1E1BAE2A5200C8F35A /* LineChartData.swift */ = {isa = PBXFileReference; fileEncoding = 4; lastKnownFileType = sourcecode.swift; path = LineChartData.swift; sourceTree = "<group>"; };
		6990ED1F1BAE2A5200C8F35A /* LineChartDataSet.swift */ = {isa = PBXFileReference; fileEncoding = 4; lastKnownFileType = sourcecode.swift; path = LineChartDataSet.swift; sourceTree = "<group>"; };
		6990ED201BAE2A5200C8F35A /* LineRadarChartDataSet.swift */ = {isa = PBXFileReference; fileEncoding = 4; lastKnownFileType = sourcecode.swift; path = LineRadarChartDataSet.swift; sourceTree = "<group>"; };
		6990ED211BAE2A5200C8F35A /* LineScatterCandleChartDataSet.swift */ = {isa = PBXFileReference; fileEncoding = 4; lastKnownFileType = sourcecode.swift; path = LineScatterCandleChartDataSet.swift; sourceTree = "<group>"; };
		6990ED221BAE2A5200C8F35A /* PieChartData.swift */ = {isa = PBXFileReference; fileEncoding = 4; lastKnownFileType = sourcecode.swift; path = PieChartData.swift; sourceTree = "<group>"; };
		6990ED231BAE2A5200C8F35A /* PieChartDataSet.swift */ = {isa = PBXFileReference; fileEncoding = 4; lastKnownFileType = sourcecode.swift; path = PieChartDataSet.swift; sourceTree = "<group>"; };
		6990ED241BAE2A5200C8F35A /* RadarChartData.swift */ = {isa = PBXFileReference; fileEncoding = 4; lastKnownFileType = sourcecode.swift; path = RadarChartData.swift; sourceTree = "<group>"; };
		6990ED251BAE2A5200C8F35A /* RadarChartDataSet.swift */ = {isa = PBXFileReference; fileEncoding = 4; lastKnownFileType = sourcecode.swift; path = RadarChartDataSet.swift; sourceTree = "<group>"; };
		6990ED261BAE2A5200C8F35A /* ScatterChartData.swift */ = {isa = PBXFileReference; fileEncoding = 4; lastKnownFileType = sourcecode.swift; path = ScatterChartData.swift; sourceTree = "<group>"; };
		6990ED271BAE2A5200C8F35A /* ScatterChartDataSet.swift */ = {isa = PBXFileReference; fileEncoding = 4; lastKnownFileType = sourcecode.swift; path = ScatterChartDataSet.swift; sourceTree = "<group>"; };
		6990ED291BAE2A5200C8F35A /* ChartDataApproximatorFilter.swift */ = {isa = PBXFileReference; fileEncoding = 4; lastKnownFileType = sourcecode.swift; path = ChartDataApproximatorFilter.swift; sourceTree = "<group>"; };
		6990ED2A1BAE2A5200C8F35A /* ChartDataBaseFilter.swift */ = {isa = PBXFileReference; fileEncoding = 4; lastKnownFileType = sourcecode.swift; path = ChartDataBaseFilter.swift; sourceTree = "<group>"; };
		6990ED2C1BAE2A5200C8F35A /* ChartHighlight.swift */ = {isa = PBXFileReference; fileEncoding = 4; lastKnownFileType = sourcecode.swift; path = ChartHighlight.swift; sourceTree = "<group>"; };
		6990ED2D1BAE2A5200C8F35A /* ChartRange.swift */ = {isa = PBXFileReference; fileEncoding = 4; lastKnownFileType = sourcecode.swift; path = ChartRange.swift; sourceTree = "<group>"; };
		6990ED2E1BAE2A5200C8F35A /* ChartHighlighter.swift */ = {isa = PBXFileReference; fileEncoding = 4; lastKnownFileType = sourcecode.swift; path = ChartHighlighter.swift; sourceTree = "<group>"; };
		6990ED2F1BAE2A5200C8F35A /* BarChartHighlighter.swift */ = {isa = PBXFileReference; fileEncoding = 4; lastKnownFileType = sourcecode.swift; path = BarChartHighlighter.swift; sourceTree = "<group>"; };
		6990ED301BAE2A5200C8F35A /* HorizontalBarChartHighlighter.swift */ = {isa = PBXFileReference; fileEncoding = 4; lastKnownFileType = sourcecode.swift; path = HorizontalBarChartHighlighter.swift; sourceTree = "<group>"; };
		6990ED321BAE2A5200C8F35A /* ChartAxisRendererBase.swift */ = {isa = PBXFileReference; fileEncoding = 4; lastKnownFileType = sourcecode.swift; path = ChartAxisRendererBase.swift; sourceTree = "<group>"; };
		6990ED331BAE2A5200C8F35A /* BarChartRenderer.swift */ = {isa = PBXFileReference; fileEncoding = 4; lastKnownFileType = sourcecode.swift; lineEnding = 0; path = BarChartRenderer.swift; sourceTree = "<group>"; };
		6990ED341BAE2A5200C8F35A /* BubbleChartRenderer.swift */ = {isa = PBXFileReference; fileEncoding = 4; lastKnownFileType = sourcecode.swift; path = BubbleChartRenderer.swift; sourceTree = "<group>"; };
		6990ED351BAE2A5200C8F35A /* CandleStickChartRenderer.swift */ = {isa = PBXFileReference; fileEncoding = 4; lastKnownFileType = sourcecode.swift; path = CandleStickChartRenderer.swift; sourceTree = "<group>"; };
		6990ED361BAE2A5200C8F35A /* CombinedChartRenderer.swift */ = {isa = PBXFileReference; fileEncoding = 4; lastKnownFileType = sourcecode.swift; path = CombinedChartRenderer.swift; sourceTree = "<group>"; };
		6990ED371BAE2A5200C8F35A /* ChartDataRendererBase.swift */ = {isa = PBXFileReference; fileEncoding = 4; lastKnownFileType = sourcecode.swift; path = ChartDataRendererBase.swift; sourceTree = "<group>"; };
		6990ED381BAE2A5200C8F35A /* HorizontalBarChartRenderer.swift */ = {isa = PBXFileReference; fileEncoding = 4; lastKnownFileType = sourcecode.swift; path = HorizontalBarChartRenderer.swift; sourceTree = "<group>"; };
		6990ED391BAE2A5200C8F35A /* ChartLegendRenderer.swift */ = {isa = PBXFileReference; fileEncoding = 4; lastKnownFileType = sourcecode.swift; path = ChartLegendRenderer.swift; sourceTree = "<group>"; };
		6990ED3A1BAE2A5200C8F35A /* LineChartRenderer.swift */ = {isa = PBXFileReference; fileEncoding = 4; lastKnownFileType = sourcecode.swift; path = LineChartRenderer.swift; sourceTree = "<group>"; };
		6990ED3B1BAE2A5200C8F35A /* LineScatterCandleRadarChartRenderer.swift */ = {isa = PBXFileReference; fileEncoding = 4; lastKnownFileType = sourcecode.swift; path = LineScatterCandleRadarChartRenderer.swift; sourceTree = "<group>"; };
		6990ED3C1BAE2A5200C8F35A /* PieChartRenderer.swift */ = {isa = PBXFileReference; fileEncoding = 4; lastKnownFileType = sourcecode.swift; path = PieChartRenderer.swift; sourceTree = "<group>"; };
		6990ED3D1BAE2A5200C8F35A /* RadarChartRenderer.swift */ = {isa = PBXFileReference; fileEncoding = 4; lastKnownFileType = sourcecode.swift; path = RadarChartRenderer.swift; sourceTree = "<group>"; };
		6990ED3E1BAE2A5200C8F35A /* ChartRendererBase.swift */ = {isa = PBXFileReference; fileEncoding = 4; lastKnownFileType = sourcecode.swift; path = ChartRendererBase.swift; sourceTree = "<group>"; };
		6990ED3F1BAE2A5200C8F35A /* ScatterChartRenderer.swift */ = {isa = PBXFileReference; fileEncoding = 4; lastKnownFileType = sourcecode.swift; path = ScatterChartRenderer.swift; sourceTree = "<group>"; };
		6990ED401BAE2A5200C8F35A /* ChartXAxisRenderer.swift */ = {isa = PBXFileReference; fileEncoding = 4; lastKnownFileType = sourcecode.swift; path = ChartXAxisRenderer.swift; sourceTree = "<group>"; };
		6990ED411BAE2A5200C8F35A /* ChartXAxisRendererBarChart.swift */ = {isa = PBXFileReference; fileEncoding = 4; lastKnownFileType = sourcecode.swift; path = ChartXAxisRendererBarChart.swift; sourceTree = "<group>"; };
		6990ED421BAE2A5200C8F35A /* ChartXAxisRendererHorizontalBarChart.swift */ = {isa = PBXFileReference; fileEncoding = 4; lastKnownFileType = sourcecode.swift; path = ChartXAxisRendererHorizontalBarChart.swift; sourceTree = "<group>"; };
		6990ED431BAE2A5200C8F35A /* ChartXAxisRendererRadarChart.swift */ = {isa = PBXFileReference; fileEncoding = 4; lastKnownFileType = sourcecode.swift; path = ChartXAxisRendererRadarChart.swift; sourceTree = "<group>"; };
		6990ED441BAE2A5200C8F35A /* ChartYAxisRenderer.swift */ = {isa = PBXFileReference; fileEncoding = 4; lastKnownFileType = sourcecode.swift; path = ChartYAxisRenderer.swift; sourceTree = "<group>"; };
		6990ED451BAE2A5200C8F35A /* ChartYAxisRendererHorizontalBarChart.swift */ = {isa = PBXFileReference; fileEncoding = 4; lastKnownFileType = sourcecode.swift; path = ChartYAxisRendererHorizontalBarChart.swift; sourceTree = "<group>"; };
		6990ED461BAE2A5200C8F35A /* ChartYAxisRendererRadarChart.swift */ = {isa = PBXFileReference; fileEncoding = 4; lastKnownFileType = sourcecode.swift; path = ChartYAxisRendererRadarChart.swift; sourceTree = "<group>"; };
		6990ED481BAE2A5200C8F35A /* ChartColorTemplates.swift */ = {isa = PBXFileReference; fileEncoding = 4; lastKnownFileType = sourcecode.swift; path = ChartColorTemplates.swift; sourceTree = "<group>"; };
		6990ED491BAE2A5200C8F35A /* ChartFillFormatter.swift */ = {isa = PBXFileReference; fileEncoding = 4; lastKnownFileType = sourcecode.swift; path = ChartFillFormatter.swift; sourceTree = "<group>"; };
		6990ED4A1BAE2A5200C8F35A /* ChartSelectionDetail.swift */ = {isa = PBXFileReference; fileEncoding = 4; lastKnownFileType = sourcecode.swift; path = ChartSelectionDetail.swift; sourceTree = "<group>"; };
		6990ED4B1BAE2A5200C8F35A /* ChartTransformer.swift */ = {isa = PBXFileReference; fileEncoding = 4; lastKnownFileType = sourcecode.swift; path = ChartTransformer.swift; sourceTree = "<group>"; };
		6990ED4C1BAE2A5200C8F35A /* ChartTransformerHorizontalBarChart.swift */ = {isa = PBXFileReference; fileEncoding = 4; lastKnownFileType = sourcecode.swift; path = ChartTransformerHorizontalBarChart.swift; sourceTree = "<group>"; };
		6990ED4D1BAE2A5200C8F35A /* ChartUtils.swift */ = {isa = PBXFileReference; fileEncoding = 4; lastKnownFileType = sourcecode.swift; path = ChartUtils.swift; sourceTree = "<group>"; };
		6990ED4E1BAE2A5200C8F35A /* ChartViewPortHandler.swift */ = {isa = PBXFileReference; fileEncoding = 4; lastKnownFileType = sourcecode.swift; path = ChartViewPortHandler.swift; sourceTree = "<group>"; };
		6990ED4F1BAE2A5200C8F35A /* UIGraphics+Extensions.swift */ = {isa = PBXFileReference; fileEncoding = 4; lastKnownFileType = sourcecode.swift; path = "UIGraphics+Extensions.swift"; sourceTree = "<group>"; };
		6990ED501BAE2A5200C8F35A /* CALayer+Extensions.swift */ = {isa = PBXFileReference; fileEncoding = 4; lastKnownFileType = sourcecode.swift; path = "CALayer+Extensions.swift"; sourceTree = "<group>"; };
		69B7B0871B9C94F0008285B4 /* AnnouncementTableViewCell.swift */ = {isa = PBXFileReference; fileEncoding = 4; lastKnownFileType = sourcecode.swift; path = AnnouncementTableViewCell.swift; sourceTree = "<group>"; };
		69D7B5AB1B9E829C0019084E /* Question.swift */ = {isa = PBXFileReference; fileEncoding = 4; lastKnownFileType = sourcecode.swift; path = Question.swift; sourceTree = "<group>"; };
		69E0FA661B9FB78E00979B98 /* VoteCount.swift */ = {isa = PBXFileReference; fileEncoding = 4; lastKnownFileType = sourcecode.swift; path = VoteCount.swift; sourceTree = "<group>"; };
		69F1E4D11BA9384B00F2AF68 /* NavigationController.swift */ = {isa = PBXFileReference; fileEncoding = 4; lastKnownFileType = sourcecode.swift; path = NavigationController.swift; sourceTree = "<group>"; };
		69F27C221B9EA79F00709011 /* QuestionTableViewCell.swift */ = {isa = PBXFileReference; fileEncoding = 4; lastKnownFileType = sourcecode.swift; path = QuestionTableViewCell.swift; sourceTree = "<group>"; };
/* End PBXFileReference section */

/* Begin PBXFrameworksBuildPhase section */
		694FE7D11B8C403A00C1B51B /* Frameworks */ = {
			isa = PBXFrameworksBuildPhase;
			buildActionMask = 2147483647;
			files = (
			);
			runOnlyForDeploymentPostprocessing = 0;
		};
		694FE7E81B8C403A00C1B51B /* Frameworks */ = {
			isa = PBXFrameworksBuildPhase;
			buildActionMask = 2147483647;
			files = (
			);
			runOnlyForDeploymentPostprocessing = 0;
		};
/* End PBXFrameworksBuildPhase section */

/* Begin PBXGroup section */
		69188E1A1B8D7F1100012C81 /* Objects */ = {
			isa = PBXGroup;
			children = (
				69188E181B8D7EFF00012C81 /* Club.swift */,
				696297AD1B9BDA3300B0D0D1 /* About.swift */,
				696297B31B9C0F9D00B0D0D1 /* Announcement.swift */,
				69D7B5AB1B9E829C0019084E /* Question.swift */,
				69E0FA661B9FB78E00979B98 /* VoteCount.swift */,
			);
			name = Objects;
			sourceTree = "<group>";
		};
		69188E1D1B8D855200012C81 /* WebService */ = {
			isa = PBXGroup;
			children = (
				69188E1E1B8D857000012C81 /* Settings.swift */,
				69188E201B8D863200012C81 /* Service.swift */,
			);
			name = WebService;
			sourceTree = "<group>";
		};
		694CA6A81B9BBFEA0044ABE3 /* Polls */ = {
			isa = PBXGroup;
			children = (
				694CA6A41B9BBE9A0044ABE3 /* QuestionTableViewController.swift */,
				694CA6AF1B9BC1540044ABE3 /* AnswerViewController.swift */,
				69F27C221B9EA79F00709011 /* QuestionTableViewCell.swift */,
			);
			name = Polls;
			sourceTree = "<group>";
		};
		694CA6A91B9BBFFE0044ABE3 /* About_Us */ = {
			isa = PBXGroup;
			children = (
				697761F31B96B68100181206 /* AboutUsViewController.swift */,
				697761F51B96B6DA00181206 /* ContactUsViewController.swift */,
			);
			name = About_Us;
			sourceTree = "<group>";
		};
		694CA6AA1B9BC0150044ABE3 /* Announcements */ = {
			isa = PBXGroup;
			children = (
				69B7B0871B9C94F0008285B4 /* AnnouncementTableViewCell.swift */,
				697761F11B96B4E200181206 /* AnnouncementsTableViewController.swift */,
			);
			name = Announcements;
			sourceTree = "<group>";
		};
		694FE7CB1B8C403A00C1B51B = {
			isa = PBXGroup;
			children = (
				694FE7D61B8C403A00C1B51B /* UCI_Club_Manager_Demo */,
				694FE7EE1B8C403A00C1B51B /* UCI_Club_Manager_DemoTests */,
				694FE7D51B8C403A00C1B51B /* Products */,
			);
			sourceTree = "<group>";
		};
		694FE7D51B8C403A00C1B51B /* Products */ = {
			isa = PBXGroup;
			children = (
				694FE7D41B8C403A00C1B51B /* UCI_Club_Manager_Demo.app */,
				694FE7EB1B8C403A00C1B51B /* UCI_Club_Manager_DemoTests.xctest */,
			);
			name = Products;
			sourceTree = "<group>";
		};
		694FE7D61B8C403A00C1B51B /* UCI_Club_Manager_Demo */ = {
			isa = PBXGroup;
			children = (
				694FE7DF1B8C403A00C1B51B /* Main.storyboard */,
				69F1E4D11BA9384B00F2AF68 /* NavigationController.swift */,
				696297B11B9BFAE300B0D0D1 /* ClubTabBarController.swift */,
				693AB7811B9C7C6C00078858 /* LoginViewController.swift */,
				69188E161B8D7B5C00012C81 /* ClubListTableViewController.swift */,
				694CA6A91B9BBFFE0044ABE3 /* About_Us */,
				694CA6AA1B9BC0150044ABE3 /* Announcements */,
				694CA6A81B9BBFEA0044ABE3 /* Polls */,
				69188E1A1B8D7F1100012C81 /* Objects */,
				69188E1D1B8D855200012C81 /* WebService */,
				6990ECF61BAE2A1400C8F35A /* Charts */,
				694FE7D71B8C403A00C1B51B /* Supporting Files */,
			);
			path = UCI_Club_Manager_Demo;
			sourceTree = "<group>";
		};
		694FE7D71B8C403A00C1B51B /* Supporting Files */ = {
			isa = PBXGroup;
			children = (
				694FE7D91B8C403A00C1B51B /* AppDelegate.swift */,
				694FE7E41B8C403A00C1B51B /* LaunchScreen.xib */,
				694FE7E21B8C403A00C1B51B /* Images.xcassets */,
				694FE7D81B8C403A00C1B51B /* Info.plist */,
			);
			name = "Supporting Files";
			sourceTree = "<group>";
		};
		694FE7EE1B8C403A00C1B51B /* UCI_Club_Manager_DemoTests */ = {
			isa = PBXGroup;
			children = (
				694FE7F11B8C403A00C1B51B /* UCI_Club_Manager_DemoTests.swift */,
				694FE7EF1B8C403A00C1B51B /* Supporting Files */,
			);
			path = UCI_Club_Manager_DemoTests;
			sourceTree = "<group>";
		};
		694FE7EF1B8C403A00C1B51B /* Supporting Files */ = {
			isa = PBXGroup;
			children = (
				694FE7F01B8C403A00C1B51B /* Info.plist */,
			);
			name = "Supporting Files";
			sourceTree = "<group>";
		};
		6990ECF61BAE2A1400C8F35A /* Charts */ = {
			isa = PBXGroup;
			children = (
				6990ED521BAE2A5200C8F35A /* Classes */,
			);
			name = Charts;
			sourceTree = "<group>";
		};
		6990ECF91BAE2A5200C8F35A /* Animation */ = {
			isa = PBXGroup;
			children = (
				6990ECF71BAE2A5200C8F35A /* ChartAnimator.swift */,
				6990ECF81BAE2A5200C8F35A /* ChartAnimationEasing.swift */,
			);
			path = Animation;
			sourceTree = "<group>";
		};
		6990ED061BAE2A5200C8F35A /* Charts */ = {
			isa = PBXGroup;
			children = (
				6990ECFA1BAE2A5200C8F35A /* BarChartView.swift */,
				6990ECFB1BAE2A5200C8F35A /* BarLineChartViewBase.swift */,
				6990ECFC1BAE2A5200C8F35A /* BubbleChartView.swift */,
				6990ECFD1BAE2A5200C8F35A /* CandleStickChartView.swift */,
				6990ECFE1BAE2A5200C8F35A /* ChartViewBase.swift */,
				6990ECFF1BAE2A5200C8F35A /* CombinedChartView.swift */,
				6990ED001BAE2A5200C8F35A /* HorizontalBarChartView.swift */,
				6990ED011BAE2A5200C8F35A /* LineChartView.swift */,
				6990ED021BAE2A5200C8F35A /* PieChartView.swift */,
				6990ED031BAE2A5200C8F35A /* PieRadarChartViewBase.swift */,
				6990ED041BAE2A5200C8F35A /* RadarChartView.swift */,
				6990ED051BAE2A5200C8F35A /* ScatterChartView.swift */,
			);
			path = Charts;
			sourceTree = "<group>";
		};
		6990ED0E1BAE2A5200C8F35A /* Components */ = {
			isa = PBXGroup;
			children = (
				6990ED071BAE2A5200C8F35A /* ChartAxisBase.swift */,
				6990ED081BAE2A5200C8F35A /* ChartComponentBase.swift */,
				6990ED091BAE2A5200C8F35A /* ChartLegend.swift */,
				6990ED0A1BAE2A5200C8F35A /* ChartLimitLine.swift */,
				6990ED0B1BAE2A5200C8F35A /* ChartMarker.swift */,
				6990ED0C1BAE2A5200C8F35A /* ChartXAxis.swift */,
				6990ED0D1BAE2A5200C8F35A /* ChartYAxis.swift */,
			);
			path = Components;
			sourceTree = "<group>";
		};
		6990ED281BAE2A5200C8F35A /* Data */ = {
			isa = PBXGroup;
			children = (
				6990ED0F1BAE2A5200C8F35A /* BarChartData.swift */,
				6990ED101BAE2A5200C8F35A /* BarChartDataEntry.swift */,
				6990ED111BAE2A5200C8F35A /* BarChartDataSet.swift */,
				6990ED121BAE2A5200C8F35A /* BarLineScatterCandleChartData.swift */,
				6990ED131BAE2A5200C8F35A /* BarLineScatterCandleChartDataSet.swift */,
				6990ED141BAE2A5200C8F35A /* BubbleChartData.swift */,
				6990ED151BAE2A5200C8F35A /* BubbleChartDataEntry.swift */,
				6990ED161BAE2A5200C8F35A /* BubbleChartDataSet.swift */,
				6990ED171BAE2A5200C8F35A /* CandleChartData.swift */,
				6990ED181BAE2A5200C8F35A /* CandleChartDataEntry.swift */,
				6990ED191BAE2A5200C8F35A /* CandleChartDataSet.swift */,
				6990ED1A1BAE2A5200C8F35A /* CombinedChartData.swift */,
				6990ED1B1BAE2A5200C8F35A /* ChartData.swift */,
				6990ED1C1BAE2A5200C8F35A /* ChartDataEntry.swift */,
				6990ED1D1BAE2A5200C8F35A /* ChartDataSet.swift */,
				6990ED1E1BAE2A5200C8F35A /* LineChartData.swift */,
				6990ED1F1BAE2A5200C8F35A /* LineChartDataSet.swift */,
				6990ED201BAE2A5200C8F35A /* LineRadarChartDataSet.swift */,
				6990ED211BAE2A5200C8F35A /* LineScatterCandleChartDataSet.swift */,
				6990ED221BAE2A5200C8F35A /* PieChartData.swift */,
				6990ED231BAE2A5200C8F35A /* PieChartDataSet.swift */,
				6990ED241BAE2A5200C8F35A /* RadarChartData.swift */,
				6990ED251BAE2A5200C8F35A /* RadarChartDataSet.swift */,
				6990ED261BAE2A5200C8F35A /* ScatterChartData.swift */,
				6990ED271BAE2A5200C8F35A /* ScatterChartDataSet.swift */,
			);
			path = Data;
			sourceTree = "<group>";
		};
		6990ED2B1BAE2A5200C8F35A /* Filters */ = {
			isa = PBXGroup;
			children = (
				6990ED291BAE2A5200C8F35A /* ChartDataApproximatorFilter.swift */,
				6990ED2A1BAE2A5200C8F35A /* ChartDataBaseFilter.swift */,
			);
			path = Filters;
			sourceTree = "<group>";
		};
		6990ED311BAE2A5200C8F35A /* Highlight */ = {
			isa = PBXGroup;
			children = (
				6990ED2C1BAE2A5200C8F35A /* ChartHighlight.swift */,
				6990ED2D1BAE2A5200C8F35A /* ChartRange.swift */,
				6990ED2E1BAE2A5200C8F35A /* ChartHighlighter.swift */,
				6990ED2F1BAE2A5200C8F35A /* BarChartHighlighter.swift */,
				6990ED301BAE2A5200C8F35A /* HorizontalBarChartHighlighter.swift */,
			);
			path = Highlight;
			sourceTree = "<group>";
		};
		6990ED471BAE2A5200C8F35A /* Renderers */ = {
			isa = PBXGroup;
			children = (
				6990ED321BAE2A5200C8F35A /* ChartAxisRendererBase.swift */,
				6990ED331BAE2A5200C8F35A /* BarChartRenderer.swift */,
				6990ED341BAE2A5200C8F35A /* BubbleChartRenderer.swift */,
				6990ED351BAE2A5200C8F35A /* CandleStickChartRenderer.swift */,
				6990ED361BAE2A5200C8F35A /* CombinedChartRenderer.swift */,
				6990ED371BAE2A5200C8F35A /* ChartDataRendererBase.swift */,
				6990ED381BAE2A5200C8F35A /* HorizontalBarChartRenderer.swift */,
				6990ED391BAE2A5200C8F35A /* ChartLegendRenderer.swift */,
				6990ED3A1BAE2A5200C8F35A /* LineChartRenderer.swift */,
				6990ED3B1BAE2A5200C8F35A /* LineScatterCandleRadarChartRenderer.swift */,
				6990ED3C1BAE2A5200C8F35A /* PieChartRenderer.swift */,
				6990ED3D1BAE2A5200C8F35A /* RadarChartRenderer.swift */,
				6990ED3E1BAE2A5200C8F35A /* ChartRendererBase.swift */,
				6990ED3F1BAE2A5200C8F35A /* ScatterChartRenderer.swift */,
				6990ED401BAE2A5200C8F35A /* ChartXAxisRenderer.swift */,
				6990ED411BAE2A5200C8F35A /* ChartXAxisRendererBarChart.swift */,
				6990ED421BAE2A5200C8F35A /* ChartXAxisRendererHorizontalBarChart.swift */,
				6990ED431BAE2A5200C8F35A /* ChartXAxisRendererRadarChart.swift */,
				6990ED441BAE2A5200C8F35A /* ChartYAxisRenderer.swift */,
				6990ED451BAE2A5200C8F35A /* ChartYAxisRendererHorizontalBarChart.swift */,
				6990ED461BAE2A5200C8F35A /* ChartYAxisRendererRadarChart.swift */,
			);
			path = Renderers;
			sourceTree = "<group>";
		};
		6990ED511BAE2A5200C8F35A /* Utils */ = {
			isa = PBXGroup;
			children = (
				6990ED481BAE2A5200C8F35A /* ChartColorTemplates.swift */,
				6990ED491BAE2A5200C8F35A /* ChartFillFormatter.swift */,
				6990ED4A1BAE2A5200C8F35A /* ChartSelectionDetail.swift */,
				6990ED4B1BAE2A5200C8F35A /* ChartTransformer.swift */,
				6990ED4C1BAE2A5200C8F35A /* ChartTransformerHorizontalBarChart.swift */,
				6990ED4D1BAE2A5200C8F35A /* ChartUtils.swift */,
				6990ED4E1BAE2A5200C8F35A /* ChartViewPortHandler.swift */,
				6990ED4F1BAE2A5200C8F35A /* UIGraphics+Extensions.swift */,
				6990ED501BAE2A5200C8F35A /* CALayer+Extensions.swift */,
			);
			path = Utils;
			sourceTree = "<group>";
		};
		6990ED521BAE2A5200C8F35A /* Classes */ = {
			isa = PBXGroup;
			children = (
				6990ECF91BAE2A5200C8F35A /* Animation */,
				6990ED061BAE2A5200C8F35A /* Charts */,
				6990ED0E1BAE2A5200C8F35A /* Components */,
				6990ED281BAE2A5200C8F35A /* Data */,
				6990ED2B1BAE2A5200C8F35A /* Filters */,
				6990ED311BAE2A5200C8F35A /* Highlight */,
				6990ED471BAE2A5200C8F35A /* Renderers */,
				6990ED511BAE2A5200C8F35A /* Utils */,
			);
			name = Classes;
			path = "../../../../Downloads/ios-charts-master/Charts/Classes";
			sourceTree = "<group>";
		};
/* End PBXGroup section */

/* Begin PBXNativeTarget section */
		694FE7D31B8C403A00C1B51B /* UCI_Club_Manager_Demo */ = {
			isa = PBXNativeTarget;
			buildConfigurationList = 694FE7F51B8C403A00C1B51B /* Build configuration list for PBXNativeTarget "UCI_Club_Manager_Demo" */;
			buildPhases = (
				694FE7D01B8C403A00C1B51B /* Sources */,
				694FE7D11B8C403A00C1B51B /* Frameworks */,
				694FE7D21B8C403A00C1B51B /* Resources */,
				69E0FA721B9FCAB200979B98 /* Embed Frameworks */,
			);
			buildRules = (
			);
			dependencies = (
			);
			name = UCI_Club_Manager_Demo;
			productName = UCI_Club_Manager_Demo;
			productReference = 694FE7D41B8C403A00C1B51B /* UCI_Club_Manager_Demo.app */;
			productType = "com.apple.product-type.application";
		};
		694FE7EA1B8C403A00C1B51B /* UCI_Club_Manager_DemoTests */ = {
			isa = PBXNativeTarget;
			buildConfigurationList = 694FE7F81B8C403A00C1B51B /* Build configuration list for PBXNativeTarget "UCI_Club_Manager_DemoTests" */;
			buildPhases = (
				694FE7E71B8C403A00C1B51B /* Sources */,
				694FE7E81B8C403A00C1B51B /* Frameworks */,
				694FE7E91B8C403A00C1B51B /* Resources */,
			);
			buildRules = (
			);
			dependencies = (
				694FE7ED1B8C403A00C1B51B /* PBXTargetDependency */,
			);
			name = UCI_Club_Manager_DemoTests;
			productName = UCI_Club_Manager_DemoTests;
			productReference = 694FE7EB1B8C403A00C1B51B /* UCI_Club_Manager_DemoTests.xctest */;
			productType = "com.apple.product-type.bundle.unit-test";
		};
/* End PBXNativeTarget section */

/* Begin PBXProject section */
		694FE7CC1B8C403A00C1B51B /* Project object */ = {
			isa = PBXProject;
			attributes = {
				LastSwiftMigration = 0700;
				LastSwiftUpdateCheck = 0700;
				LastUpgradeCheck = 0700;
				ORGANIZATIONNAME = Jake;
				TargetAttributes = {
					694FE7D31B8C403A00C1B51B = {
						CreatedOnToolsVersion = 6.4;
					};
					694FE7EA1B8C403A00C1B51B = {
						CreatedOnToolsVersion = 6.4;
						TestTargetID = 694FE7D31B8C403A00C1B51B;
					};
				};
			};
			buildConfigurationList = 694FE7CF1B8C403A00C1B51B /* Build configuration list for PBXProject "UCI_Club_Manager_Demo" */;
			compatibilityVersion = "Xcode 3.2";
			developmentRegion = English;
			hasScannedForEncodings = 0;
			knownRegions = (
				en,
				Base,
			);
			mainGroup = 694FE7CB1B8C403A00C1B51B;
			productRefGroup = 694FE7D51B8C403A00C1B51B /* Products */;
			projectDirPath = "";
			projectRoot = "";
			targets = (
				694FE7D31B8C403A00C1B51B /* UCI_Club_Manager_Demo */,
				694FE7EA1B8C403A00C1B51B /* UCI_Club_Manager_DemoTests */,
			);
		};
/* End PBXProject section */

/* Begin PBXResourcesBuildPhase section */
		694FE7D21B8C403A00C1B51B /* Resources */ = {
			isa = PBXResourcesBuildPhase;
			buildActionMask = 2147483647;
			files = (
				694FE7E11B8C403A00C1B51B /* Main.storyboard in Resources */,
				694FE7E61B8C403A00C1B51B /* LaunchScreen.xib in Resources */,
				694FE7E31B8C403A00C1B51B /* Images.xcassets in Resources */,
			);
			runOnlyForDeploymentPostprocessing = 0;
		};
		694FE7E91B8C403A00C1B51B /* Resources */ = {
			isa = PBXResourcesBuildPhase;
			buildActionMask = 2147483647;
			files = (
			);
			runOnlyForDeploymentPostprocessing = 0;
		};
/* End PBXResourcesBuildPhase section */

/* Begin PBXSourcesBuildPhase section */
		694FE7D01B8C403A00C1B51B /* Sources */ = {
			isa = PBXSourcesBuildPhase;
			buildActionMask = 2147483647;
			files = (
				6990ED951BAE2A5200C8F35A /* ScatterChartRenderer.swift in Sources */,
				694CA6B01B9BC1540044ABE3 /* AnswerViewController.swift in Sources */,
				6990ED571BAE2A5200C8F35A /* BubbleChartView.swift in Sources */,
				6990ED5C1BAE2A5200C8F35A /* LineChartView.swift in Sources */,
				6990ED731BAE2A5200C8F35A /* CombinedChartData.swift in Sources */,
				6990ED671BAE2A5200C8F35A /* ChartYAxis.swift in Sources */,
				6990EDA01BAE2A5200C8F35A /* ChartTransformer.swift in Sources */,
				6990ED591BAE2A5200C8F35A /* ChartViewBase.swift in Sources */,
				6990ED641BAE2A5200C8F35A /* ChartLimitLine.swift in Sources */,
				6990ED7E1BAE2A5200C8F35A /* RadarChartDataSet.swift in Sources */,
				6990ED991BAE2A5200C8F35A /* ChartXAxisRendererRadarChart.swift in Sources */,
				6990ED881BAE2A5200C8F35A /* ChartAxisRendererBase.swift in Sources */,
				6990ED7B1BAE2A5200C8F35A /* PieChartData.swift in Sources */,
				6990EDA21BAE2A5200C8F35A /* ChartUtils.swift in Sources */,
				69E0FA671B9FB78E00979B98 /* VoteCount.swift in Sources */,
				696297AE1B9BDA3300B0D0D1 /* About.swift in Sources */,
				6990ED941BAE2A5200C8F35A /* ChartRendererBase.swift in Sources */,
				6990ED841BAE2A5200C8F35A /* ChartRange.swift in Sources */,
				6990ED5F1BAE2A5200C8F35A /* RadarChartView.swift in Sources */,
				6990ED701BAE2A5200C8F35A /* CandleChartData.swift in Sources */,
				6990ED5D1BAE2A5200C8F35A /* PieChartView.swift in Sources */,
				6990ED791BAE2A5200C8F35A /* LineRadarChartDataSet.swift in Sources */,
				694FE7DA1B8C403A00C1B51B /* AppDelegate.swift in Sources */,
				693AB7821B9C7C6C00078858 /* LoginViewController.swift in Sources */,
				6990EDA41BAE2A5200C8F35A /* UIGraphics+Extensions.swift in Sources */,
				6990ED9A1BAE2A5200C8F35A /* ChartYAxisRenderer.swift in Sources */,
				694CA6A51B9BBE9A0044ABE3 /* QuestionTableViewController.swift in Sources */,
				69188E231B8D92F900012C81 /* Service.swift in Sources */,
				69188E191B8D7EFF00012C81 /* Club.swift in Sources */,
				696297B41B9C0F9D00B0D0D1 /* Announcement.swift in Sources */,
				6990ED771BAE2A5200C8F35A /* LineChartData.swift in Sources */,
				69B7B0881B9C94F0008285B4 /* AnnouncementTableViewCell.swift in Sources */,
				6990ED891BAE2A5200C8F35A /* BarChartRenderer.swift in Sources */,
				6990ED721BAE2A5200C8F35A /* CandleChartDataSet.swift in Sources */,
				6990EDA31BAE2A5200C8F35A /* ChartViewPortHandler.swift in Sources */,
				6990ED7A1BAE2A5200C8F35A /* LineScatterCandleChartDataSet.swift in Sources */,
				6990ED541BAE2A5200C8F35A /* ChartAnimationEasing.swift in Sources */,
				6990ED6A1BAE2A5200C8F35A /* BarChartDataSet.swift in Sources */,
				697761F61B96B6DA00181206 /* ContactUsViewController.swift in Sources */,
				6990ED7D1BAE2A5200C8F35A /* RadarChartData.swift in Sources */,
				6990ED8D1BAE2A5200C8F35A /* ChartDataRendererBase.swift in Sources */,
				6990ED871BAE2A5200C8F35A /* HorizontalBarChartHighlighter.swift in Sources */,
				6990ED631BAE2A5200C8F35A /* ChartLegend.swift in Sources */,
				6990ED681BAE2A5200C8F35A /* BarChartData.swift in Sources */,
				6990ED8C1BAE2A5200C8F35A /* CombinedChartRenderer.swift in Sources */,
				6990EDA51BAE2A5200C8F35A /* CALayer+Extensions.swift in Sources */,
				6990ED8B1BAE2A5200C8F35A /* CandleStickChartRenderer.swift in Sources */,
				6990ED8E1BAE2A5200C8F35A /* HorizontalBarChartRenderer.swift in Sources */,
				6990ED531BAE2A5200C8F35A /* ChartAnimator.swift in Sources */,
				6990ED811BAE2A5200C8F35A /* ChartDataApproximatorFilter.swift in Sources */,
				6990ED831BAE2A5200C8F35A /* ChartHighlight.swift in Sources */,
				6990ED821BAE2A5200C8F35A /* ChartDataBaseFilter.swift in Sources */,
				69D7B5AC1B9E829C0019084E /* Question.swift in Sources */,
				6990EDA11BAE2A5200C8F35A /* ChartTransformerHorizontalBarChart.swift in Sources */,
				6990ED781BAE2A5200C8F35A /* LineChartDataSet.swift in Sources */,
				6990ED6C1BAE2A5200C8F35A /* BarLineScatterCandleChartDataSet.swift in Sources */,
				6990ED971BAE2A5200C8F35A /* ChartXAxisRendererBarChart.swift in Sources */,
				6990ED621BAE2A5200C8F35A /* ChartComponentBase.swift in Sources */,
				69F1E4D21BA9384B00F2AF68 /* NavigationController.swift in Sources */,
				6990ED911BAE2A5200C8F35A /* LineScatterCandleRadarChartRenderer.swift in Sources */,
				697761F41B96B68100181206 /* AboutUsViewController.swift in Sources */,
				6990ED5E1BAE2A5200C8F35A /* PieRadarChartViewBase.swift in Sources */,
				6990ED6B1BAE2A5200C8F35A /* BarLineScatterCandleChartData.swift in Sources */,
				69188E171B8D7B5C00012C81 /* ClubListTableViewController.swift in Sources */,
				69188E1F1B8D857000012C81 /* Settings.swift in Sources */,
				6990ED851BAE2A5200C8F35A /* ChartHighlighter.swift in Sources */,
				6990ED611BAE2A5200C8F35A /* ChartAxisBase.swift in Sources */,
				6990ED861BAE2A5200C8F35A /* BarChartHighlighter.swift in Sources */,
				6990ED761BAE2A5200C8F35A /* ChartDataSet.swift in Sources */,
				6990ED7C1BAE2A5200C8F35A /* PieChartDataSet.swift in Sources */,
				6990ED9F1BAE2A5200C8F35A /* ChartSelectionDetail.swift in Sources */,
				6990ED561BAE2A5200C8F35A /* BarLineChartViewBase.swift in Sources */,
				6990ED691BAE2A5200C8F35A /* BarChartDataEntry.swift in Sources */,
				6990ED8F1BAE2A5200C8F35A /* ChartLegendRenderer.swift in Sources */,
				6990ED931BAE2A5200C8F35A /* RadarChartRenderer.swift in Sources */,
				6990ED581BAE2A5200C8F35A /* CandleStickChartView.swift in Sources */,
				6990ED9C1BAE2A5200C8F35A /* ChartYAxisRendererRadarChart.swift in Sources */,
				69F27C231B9EA79F00709011 /* QuestionTableViewCell.swift in Sources */,
				696297B21B9BFAE300B0D0D1 /* ClubTabBarController.swift in Sources */,
				6990ED5A1BAE2A5200C8F35A /* CombinedChartView.swift in Sources */,
				6990ED7F1BAE2A5200C8F35A /* ScatterChartData.swift in Sources */,
				6990ED711BAE2A5200C8F35A /* CandleChartDataEntry.swift in Sources */,
				6990ED6F1BAE2A5200C8F35A /* BubbleChartDataSet.swift in Sources */,
				697761F21B96B4E200181206 /* AnnouncementsTableViewController.swift in Sources */,
				6990ED551BAE2A5200C8F35A /* BarChartView.swift in Sources */,
				6990ED9E1BAE2A5200C8F35A /* ChartFillFormatter.swift in Sources */,
				6990ED961BAE2A5200C8F35A /* ChartXAxisRenderer.swift in Sources */,
				6990ED901BAE2A5200C8F35A /* LineChartRenderer.swift in Sources */,
				6990ED921BAE2A5200C8F35A /* PieChartRenderer.swift in Sources */,
				6990ED8A1BAE2A5200C8F35A /* BubbleChartRenderer.swift in Sources */,
				6990ED9B1BAE2A5200C8F35A /* ChartYAxisRendererHorizontalBarChart.swift in Sources */,
				6990ED601BAE2A5200C8F35A /* ScatterChartView.swift in Sources */,
				6990ED6D1BAE2A5200C8F35A /* BubbleChartData.swift in Sources */,
				6990ED651BAE2A5200C8F35A /* ChartMarker.swift in Sources */,
				6990ED981BAE2A5200C8F35A /* ChartXAxisRendererHorizontalBarChart.swift in Sources */,
				6990ED741BAE2A5200C8F35A /* ChartData.swift in Sources */,
				6990ED661BAE2A5200C8F35A /* ChartXAxis.swift in Sources */,
				6990ED6E1BAE2A5200C8F35A /* BubbleChartDataEntry.swift in Sources */,
				6990ED5B1BAE2A5200C8F35A /* HorizontalBarChartView.swift in Sources */,
				6990ED801BAE2A5200C8F35A /* ScatterChartDataSet.swift in Sources */,
				6990ED9D1BAE2A5200C8F35A /* ChartColorTemplates.swift in Sources */,
				6990ED751BAE2A5200C8F35A /* ChartDataEntry.swift in Sources */,
			);
			runOnlyForDeploymentPostprocessing = 0;
		};
		694FE7E71B8C403A00C1B51B /* Sources */ = {
			isa = PBXSourcesBuildPhase;
			buildActionMask = 2147483647;
			files = (
				694FE7F21B8C403A00C1B51B /* UCI_Club_Manager_DemoTests.swift in Sources */,
			);
			runOnlyForDeploymentPostprocessing = 0;
		};
/* End PBXSourcesBuildPhase section */

/* Begin PBXTargetDependency section */
		694FE7ED1B8C403A00C1B51B /* PBXTargetDependency */ = {
			isa = PBXTargetDependency;
			target = 694FE7D31B8C403A00C1B51B /* UCI_Club_Manager_Demo */;
			targetProxy = 694FE7EC1B8C403A00C1B51B /* PBXContainerItemProxy */;
		};
/* End PBXTargetDependency section */

/* Begin PBXVariantGroup section */
		694FE7DF1B8C403A00C1B51B /* Main.storyboard */ = {
			isa = PBXVariantGroup;
			children = (
				694FE7E01B8C403A00C1B51B /* Base */,
			);
			name = Main.storyboard;
			sourceTree = "<group>";
		};
		694FE7E41B8C403A00C1B51B /* LaunchScreen.xib */ = {
			isa = PBXVariantGroup;
			children = (
				694FE7E51B8C403A00C1B51B /* Base */,
			);
			name = LaunchScreen.xib;
			sourceTree = "<group>";
		};
/* End PBXVariantGroup section */

/* Begin XCBuildConfiguration section */
		694FE7F31B8C403A00C1B51B /* Debug */ = {
			isa = XCBuildConfiguration;
			buildSettings = {
				ALWAYS_SEARCH_USER_PATHS = NO;
				CLANG_CXX_LANGUAGE_STANDARD = "gnu++0x";
				CLANG_CXX_LIBRARY = "libc++";
				CLANG_ENABLE_MODULES = YES;
				CLANG_ENABLE_OBJC_ARC = YES;
				CLANG_WARN_BOOL_CONVERSION = YES;
				CLANG_WARN_CONSTANT_CONVERSION = YES;
				CLANG_WARN_DIRECT_OBJC_ISA_USAGE = YES_ERROR;
				CLANG_WARN_EMPTY_BODY = YES;
				CLANG_WARN_ENUM_CONVERSION = YES;
				CLANG_WARN_INT_CONVERSION = YES;
				CLANG_WARN_OBJC_ROOT_CLASS = YES_ERROR;
				CLANG_WARN_UNREACHABLE_CODE = YES;
				CLANG_WARN__DUPLICATE_METHOD_MATCH = YES;
				"CODE_SIGN_IDENTITY[sdk=iphoneos*]" = "iPhone Developer";
				COPY_PHASE_STRIP = NO;
				DEBUG_INFORMATION_FORMAT = "dwarf-with-dsym";
				ENABLE_STRICT_OBJC_MSGSEND = YES;
				ENABLE_TESTABILITY = YES;
				GCC_C_LANGUAGE_STANDARD = gnu99;
				GCC_DYNAMIC_NO_PIC = NO;
				GCC_NO_COMMON_BLOCKS = YES;
				GCC_OPTIMIZATION_LEVEL = 0;
				GCC_PREPROCESSOR_DEFINITIONS = (
					"DEBUG=1",
					"$(inherited)",
				);
				GCC_SYMBOLS_PRIVATE_EXTERN = NO;
				GCC_WARN_64_TO_32_BIT_CONVERSION = YES;
				GCC_WARN_ABOUT_RETURN_TYPE = YES_ERROR;
				GCC_WARN_UNDECLARED_SELECTOR = YES;
				GCC_WARN_UNINITIALIZED_AUTOS = YES_AGGRESSIVE;
				GCC_WARN_UNUSED_FUNCTION = YES;
				GCC_WARN_UNUSED_VARIABLE = YES;
				IPHONEOS_DEPLOYMENT_TARGET = 9.0;
				MTL_ENABLE_DEBUG_INFO = YES;
				ONLY_ACTIVE_ARCH = YES;
				SDKROOT = iphoneos;
				SWIFT_OPTIMIZATION_LEVEL = "-Onone";
				TARGETED_DEVICE_FAMILY = "1,2";
			};
			name = Debug;
		};
		694FE7F41B8C403A00C1B51B /* Release */ = {
			isa = XCBuildConfiguration;
			buildSettings = {
				ALWAYS_SEARCH_USER_PATHS = NO;
				CLANG_CXX_LANGUAGE_STANDARD = "gnu++0x";
				CLANG_CXX_LIBRARY = "libc++";
				CLANG_ENABLE_MODULES = YES;
				CLANG_ENABLE_OBJC_ARC = YES;
				CLANG_WARN_BOOL_CONVERSION = YES;
				CLANG_WARN_CONSTANT_CONVERSION = YES;
				CLANG_WARN_DIRECT_OBJC_ISA_USAGE = YES_ERROR;
				CLANG_WARN_EMPTY_BODY = YES;
				CLANG_WARN_ENUM_CONVERSION = YES;
				CLANG_WARN_INT_CONVERSION = YES;
				CLANG_WARN_OBJC_ROOT_CLASS = YES_ERROR;
				CLANG_WARN_UNREACHABLE_CODE = YES;
				CLANG_WARN__DUPLICATE_METHOD_MATCH = YES;
				"CODE_SIGN_IDENTITY[sdk=iphoneos*]" = "iPhone Developer";
				COPY_PHASE_STRIP = NO;
				DEBUG_INFORMATION_FORMAT = "dwarf-with-dsym";
				ENABLE_NS_ASSERTIONS = NO;
				ENABLE_STRICT_OBJC_MSGSEND = YES;
				GCC_C_LANGUAGE_STANDARD = gnu99;
				GCC_NO_COMMON_BLOCKS = YES;
				GCC_WARN_64_TO_32_BIT_CONVERSION = YES;
				GCC_WARN_ABOUT_RETURN_TYPE = YES_ERROR;
				GCC_WARN_UNDECLARED_SELECTOR = YES;
				GCC_WARN_UNINITIALIZED_AUTOS = YES_AGGRESSIVE;
				GCC_WARN_UNUSED_FUNCTION = YES;
				GCC_WARN_UNUSED_VARIABLE = YES;
				IPHONEOS_DEPLOYMENT_TARGET = 9.0;
				MTL_ENABLE_DEBUG_INFO = NO;
				SDKROOT = iphoneos;
				TARGETED_DEVICE_FAMILY = "1,2";
				VALIDATE_PRODUCT = YES;
			};
			name = Release;
		};
		694FE7F61B8C403A00C1B51B /* Debug */ = {
			isa = XCBuildConfiguration;
			buildSettings = {
				ASSETCATALOG_COMPILER_APPICON_NAME = AppIcon;
				INFOPLIST_FILE = UCI_Club_Manager_Demo/Info.plist;
				LD_RUNPATH_SEARCH_PATHS = "$(inherited) @executable_path/Frameworks";
				PRODUCT_BUNDLE_IDENTIFIER = "Armentrout.$(PRODUCT_NAME:rfc1034identifier)";
				PRODUCT_NAME = "$(TARGET_NAME)";
			};
			name = Debug;
		};
		694FE7F71B8C403A00C1B51B /* Release */ = {
			isa = XCBuildConfiguration;
			buildSettings = {
				ASSETCATALOG_COMPILER_APPICON_NAME = AppIcon;
				INFOPLIST_FILE = UCI_Club_Manager_Demo/Info.plist;
				LD_RUNPATH_SEARCH_PATHS = "$(inherited) @executable_path/Frameworks";
				PRODUCT_BUNDLE_IDENTIFIER = "Armentrout.$(PRODUCT_NAME:rfc1034identifier)";
				PRODUCT_NAME = "$(TARGET_NAME)";
			};
			name = Release;
		};
		694FE7F91B8C403A00C1B51B /* Debug */ = {
			isa = XCBuildConfiguration;
			buildSettings = {
				BUNDLE_LOADER = "$(TEST_HOST)";
				FRAMEWORK_SEARCH_PATHS = (
					"$(SDKROOT)/Developer/Library/Frameworks",
					"$(inherited)",
				);
				GCC_PREPROCESSOR_DEFINITIONS = (
					"DEBUG=1",
					"$(inherited)",
				);
				INFOPLIST_FILE = UCI_Club_Manager_DemoTests/Info.plist;
				LD_RUNPATH_SEARCH_PATHS = "$(inherited) @executable_path/Frameworks @loader_path/Frameworks";
				PRODUCT_BUNDLE_IDENTIFIER = "Armentrout.$(PRODUCT_NAME:rfc1034identifier)";
				PRODUCT_NAME = "$(TARGET_NAME)";
				TEST_HOST = "$(BUILT_PRODUCTS_DIR)/UCI_Club_Manager_Demo.app/UCI_Club_Manager_Demo";
			};
			name = Debug;
		};
		694FE7FA1B8C403A00C1B51B /* Release */ = {
			isa = XCBuildConfiguration;
			buildSettings = {
				BUNDLE_LOADER = "$(TEST_HOST)";
				FRAMEWORK_SEARCH_PATHS = (
					"$(SDKROOT)/Developer/Library/Frameworks",
					"$(inherited)",
				);
				INFOPLIST_FILE = UCI_Club_Manager_DemoTests/Info.plist;
				LD_RUNPATH_SEARCH_PATHS = "$(inherited) @executable_path/Frameworks @loader_path/Frameworks";
				PRODUCT_BUNDLE_IDENTIFIER = "Armentrout.$(PRODUCT_NAME:rfc1034identifier)";
				PRODUCT_NAME = "$(TARGET_NAME)";
				TEST_HOST = "$(BUILT_PRODUCTS_DIR)/UCI_Club_Manager_Demo.app/UCI_Club_Manager_Demo";
			};
			name = Release;
		};
/* End XCBuildConfiguration section */

/* Begin XCConfigurationList section */
		694FE7CF1B8C403A00C1B51B /* Build configuration list for PBXProject "UCI_Club_Manager_Demo" */ = {
			isa = XCConfigurationList;
			buildConfigurations = (
				694FE7F31B8C403A00C1B51B /* Debug */,
				694FE7F41B8C403A00C1B51B /* Release */,
			);
			defaultConfigurationIsVisible = 0;
			defaultConfigurationName = Release;
		};
		694FE7F51B8C403A00C1B51B /* Build configuration list for PBXNativeTarget "UCI_Club_Manager_Demo" */ = {
			isa = XCConfigurationList;
			buildConfigurations = (
				694FE7F61B8C403A00C1B51B /* Debug */,
				694FE7F71B8C403A00C1B51B /* Release */,
			);
			defaultConfigurationIsVisible = 0;
			defaultConfigurationName = Release;
		};
		694FE7F81B8C403A00C1B51B /* Build configuration list for PBXNativeTarget "UCI_Club_Manager_DemoTests" */ = {
			isa = XCConfigurationList;
			buildConfigurations = (
				694FE7F91B8C403A00C1B51B /* Debug */,
				694FE7FA1B8C403A00C1B51B /* Release */,
			);
			defaultConfigurationIsVisible = 0;
			defaultConfigurationName = Release;
		};
/* End XCConfigurationList section */
	};
	rootObject = 694FE7CC1B8C403A00C1B51B /* Project object */;
}
